# This file is generated by running "yarn install" inside your project.
# Manual changes might be lost - proceed with caution!

__metadata:
  version: 6
  cacheKey: 8c0

"@eslint-community/eslint-utils@npm:^4.2.0":
  version: 4.4.0
  resolution: "@eslint-community/eslint-utils@npm:4.4.0"
  dependencies:
    eslint-visitor-keys: ^3.3.0
  peerDependencies:
    eslint: ^6.0.0 || ^7.0.0 || >=8.0.0
  checksum: 7e559c4ce59cd3a06b1b5a517b593912e680a7f981ae7affab0d01d709e99cd5647019be8fafa38c350305bc32f1f7d42c7073edde2ab536c745e365f37b607e
  languageName: node
  linkType: hard

"@eslint-community/regexpp@npm:^4.4.0":
  version: 4.5.1
  resolution: "@eslint-community/regexpp@npm:4.5.1"
  checksum: d79cbd99cc4dcfbb17e8dd30a30bb5aec5da9c60b9471043f886f116615bb15f0d417cb0ca638cefedba0b4c67c339e2011b53d88264a4540775f042a5879e01
  languageName: node
  linkType: hard

"@eslint/eslintrc@npm:^2.0.3":
  version: 2.0.3
  resolution: "@eslint/eslintrc@npm:2.0.3"
  dependencies:
    ajv: ^6.12.4
    debug: ^4.3.2
    espree: ^9.5.2
    globals: ^13.19.0
    ignore: ^5.2.0
    import-fresh: ^3.2.1
    js-yaml: ^4.1.0
    minimatch: ^3.1.2
    strip-json-comments: ^3.1.1
  checksum: 46291c33bf580ab12101fb7f20adabaa60326a7de094409ab4a5ca4611552ab2325f8d677d6c1d2d9f45f83f93360b115a0b4488bc48180cca0d0f386804d829
  languageName: node
  linkType: hard

"@eslint/js@npm:8.40.0":
  version: 8.40.0
  resolution: "@eslint/js@npm:8.40.0"
  checksum: 0a7253c6aa5d14bda570cde5aff627fc338ca3b6e6226e2cbe7008a095ff244109f7edd1c340465d0aab3cea695ea7eb10bff96e6e9cab60cdd3226ac010041b
  languageName: node
  linkType: hard

"@humanwhocodes/config-array@npm:^0.11.8":
  version: 0.11.8
  resolution: "@humanwhocodes/config-array@npm:0.11.8"
  dependencies:
    "@humanwhocodes/object-schema": ^1.2.1
    debug: ^4.1.1
    minimatch: ^3.0.5
  checksum: 441223496cc5ae3ae443e11e2ba05f03f6418d1e0233e3d160b027dda742d7a957fa9e1d56125d5829079419c797c13e1ae8ffe3454f268901ac18f68e0198f1
  languageName: node
  linkType: hard

"@humanwhocodes/module-importer@npm:^1.0.1":
  version: 1.0.1
  resolution: "@humanwhocodes/module-importer@npm:1.0.1"
  checksum: 909b69c3b86d482c26b3359db16e46a32e0fb30bd306a3c176b8313b9e7313dba0f37f519de6aa8b0a1921349e505f259d19475e123182416a506d7f87e7f529
  languageName: node
  linkType: hard

"@humanwhocodes/object-schema@npm:^1.2.1":
  version: 1.2.1
  resolution: "@humanwhocodes/object-schema@npm:1.2.1"
  checksum: c3c35fdb70c04a569278351c75553e293ae339684ed75895edc79facc7276e351115786946658d78133130c0cca80e57e2203bc07f8fa7fe7980300e8deef7db
  languageName: node
  linkType: hard

"@nodelib/fs.scandir@npm:2.1.5":
  version: 2.1.5
  resolution: "@nodelib/fs.scandir@npm:2.1.5"
  dependencies:
    "@nodelib/fs.stat": 2.0.5
    run-parallel: ^1.1.9
  checksum: 732c3b6d1b1e967440e65f284bd06e5821fedf10a1bea9ed2bb75956ea1f30e08c44d3def9d6a230666574edbaf136f8cfd319c14fd1f87c66e6a44449afb2eb
  languageName: node
  linkType: hard

"@nodelib/fs.stat@npm:2.0.5, @nodelib/fs.stat@npm:^2.0.2":
  version: 2.0.5
  resolution: "@nodelib/fs.stat@npm:2.0.5"
  checksum: 88dafe5e3e29a388b07264680dc996c17f4bda48d163a9d4f5c1112979f0ce8ec72aa7116122c350b4e7976bc5566dc3ddb579be1ceaacc727872eb4ed93926d
  languageName: node
  linkType: hard

"@nodelib/fs.walk@npm:^1.2.3, @nodelib/fs.walk@npm:^1.2.8":
  version: 1.2.8
  resolution: "@nodelib/fs.walk@npm:1.2.8"
  dependencies:
    "@nodelib/fs.scandir": 2.1.5
    fastq: ^1.6.0
  checksum: db9de047c3bb9b51f9335a7bb46f4fcfb6829fb628318c12115fbaf7d369bfce71c15b103d1fc3b464812d936220ee9bc1c8f762d032c9f6be9acc99249095b1
  languageName: node
  linkType: hard

"@types/json-schema@npm:^7.0.9":
  version: 7.0.11
  resolution: "@types/json-schema@npm:7.0.11"
  checksum: bd1f9a7b898ff15c4bb494eb19124f2d688b804c39f07cbf135ac73f35324970e9e8329b72aae1fb543d925ea295a1568b23056c26658cecec4741fa28c3b81a
  languageName: node
  linkType: hard

"@types/node@npm:^16.11.10":
  version: 16.18.31
  resolution: "@types/node@npm:16.18.31"
  checksum: 76ca4a2372165cedc88c09cde1bf82f0a9286bf8e6236f15f04a8bf31656129329e95f6d8ce0e84a4e39c3b38ae31eacc950323c9a8d864d8c446842910ec634
  languageName: node
  linkType: hard

"@types/semver@npm:^7.3.12":
  version: 7.5.0
  resolution: "@types/semver@npm:7.5.0"
  checksum: ca4ba4642b5972b6e88e73c5bc02bbaceb8d76bce71748d86e3e95042d4e5a44603113a1dcd2cb9b73ad6f91f6e4ab73185eb41bbfc9c73b11f0ed3db3b7443a
  languageName: node
  linkType: hard

"@typescript-eslint/eslint-plugin@npm:^5.59.6":
  version: 5.59.6
  resolution: "@typescript-eslint/eslint-plugin@npm:5.59.6"
  dependencies:
    "@eslint-community/regexpp": ^4.4.0
    "@typescript-eslint/scope-manager": 5.59.6
    "@typescript-eslint/type-utils": 5.59.6
    "@typescript-eslint/utils": 5.59.6
    debug: ^4.3.4
    grapheme-splitter: ^1.0.4
    ignore: ^5.2.0
    natural-compare-lite: ^1.4.0
    semver: ^7.3.7
    tsutils: ^3.21.0
  peerDependencies:
    "@typescript-eslint/parser": ^5.0.0
    eslint: ^6.0.0 || ^7.0.0 || ^8.0.0
  peerDependenciesMeta:
    typescript:
      optional: true
  checksum: cfb64827d3bf82f708e7c6ea2e3d6b7e7db2364a2f02e6d2b6ac6a5fd151a3ddd6f23ac79de5f3cd4b96270d1e9e04dce398cfffc729a94d8f23b0ecc8d4bfa3
  languageName: node
  linkType: hard

"@typescript-eslint/parser@npm:^5.59.6":
  version: 5.59.6
  resolution: "@typescript-eslint/parser@npm:5.59.6"
  dependencies:
    "@typescript-eslint/scope-manager": 5.59.6
    "@typescript-eslint/types": 5.59.6
    "@typescript-eslint/typescript-estree": 5.59.6
    debug: ^4.3.4
  peerDependencies:
    eslint: ^6.0.0 || ^7.0.0 || ^8.0.0
  peerDependenciesMeta:
    typescript:
      optional: true
  checksum: 8477c900857060ea3ae7e8098284cb3dc1c9b5302ef5afd174b5d11a4bdb370d96f685fd2e4aa152fea670b8564d7d4d1e1bf276c23b57de1239de1044d87aee
  languageName: node
  linkType: hard

"@typescript-eslint/scope-manager@npm:5.59.6":
  version: 5.59.6
  resolution: "@typescript-eslint/scope-manager@npm:5.59.6"
  dependencies:
    "@typescript-eslint/types": 5.59.6
    "@typescript-eslint/visitor-keys": 5.59.6
  checksum: 7c41eb95b98e89e50002b94122020dab6d99362032262db47768aeb1b5f1035d5432708e0fe15072fa9d6747097eae4d3a9d4dcc5ea0ce135103056d5130b20c
  languageName: node
  linkType: hard

"@typescript-eslint/type-utils@npm:5.59.6":
  version: 5.59.6
  resolution: "@typescript-eslint/type-utils@npm:5.59.6"
  dependencies:
    "@typescript-eslint/typescript-estree": 5.59.6
    "@typescript-eslint/utils": 5.59.6
    debug: ^4.3.4
    tsutils: ^3.21.0
  peerDependencies:
    eslint: "*"
  peerDependenciesMeta:
    typescript:
      optional: true
  checksum: 0d4cdb6ecb0f7f37cc82b4faedad3215700b97042586398a3f228b1a9dfb01c17714127f2d3726870a1cdbc03a21784d99001283c7d0802fb51c6ecf24589be3
  languageName: node
  linkType: hard

"@typescript-eslint/types@npm:5.59.6":
  version: 5.59.6
  resolution: "@typescript-eslint/types@npm:5.59.6"
  checksum: cc48c11409371e20675f46addf16d484a48db1377ed414c6d912d4afbec45f85baa60afeebfe114fdee040fe6ff2a183187bc643f0219e429b6aacbf10e47cac
  languageName: node
  linkType: hard

"@typescript-eslint/typescript-estree@npm:5.59.6":
  version: 5.59.6
  resolution: "@typescript-eslint/typescript-estree@npm:5.59.6"
  dependencies:
    "@typescript-eslint/types": 5.59.6
    "@typescript-eslint/visitor-keys": 5.59.6
    debug: ^4.3.4
    globby: ^11.1.0
    is-glob: ^4.0.3
    semver: ^7.3.7
    tsutils: ^3.21.0
  peerDependenciesMeta:
    typescript:
      optional: true
  checksum: eba7c2298223b5004f6dd16610a8e1e8f7e6981b76351eb58c4dfa56429cdefdb7b3ccf0dda15656fdfddd04268a61f8606fbfe4effe0a88c68c2bd6c895c27e
  languageName: node
  linkType: hard

"@typescript-eslint/utils@npm:5.59.6":
  version: 5.59.6
  resolution: "@typescript-eslint/utils@npm:5.59.6"
  dependencies:
    "@eslint-community/eslint-utils": ^4.2.0
    "@types/json-schema": ^7.0.9
    "@types/semver": ^7.3.12
    "@typescript-eslint/scope-manager": 5.59.6
    "@typescript-eslint/types": 5.59.6
    "@typescript-eslint/typescript-estree": 5.59.6
    eslint-scope: ^5.1.1
    semver: ^7.3.7
  peerDependencies:
    eslint: ^6.0.0 || ^7.0.0 || ^8.0.0
  checksum: 73a1cd5768d98af3a3baa9f79693484d9a921fd60928394b5c8fefe020d588d942c2bcf19e51b05ffef636eb6883872a10a81ba063b83394d97ec2736bfcde6b
  languageName: node
  linkType: hard

"@typescript-eslint/visitor-keys@npm:5.59.6":
  version: 5.59.6
  resolution: "@typescript-eslint/visitor-keys@npm:5.59.6"
  dependencies:
    "@typescript-eslint/types": 5.59.6
    eslint-visitor-keys: ^3.3.0
  checksum: da70b586a1783c31f9e0a9ebeffbaff3d3373d548c7bbac15ddad5280ef2c6c396417bc4610ab29dfe159bde70ff4295b490bbafc24215dd0ac95a5857efb685
  languageName: node
  linkType: hard

"acorn-jsx@npm:^5.3.2":
  version: 5.3.2
  resolution: "acorn-jsx@npm:5.3.2"
  peerDependencies:
    acorn: ^6.0.0 || ^7.0.0 || ^8.0.0
  checksum: 4c54868fbef3b8d58927d5e33f0a4de35f59012fe7b12cf9dfbb345fb8f46607709e1c4431be869a23fb63c151033d84c4198fa9f79385cec34fcb1dd53974c1
  languageName: node
  linkType: hard

"acorn@npm:^8.8.0":
  version: 8.8.2
  resolution: "acorn@npm:8.8.2"
  bin:
    acorn: bin/acorn
  checksum: b5c54e736af5ed753911c6752fafd02d0a74cf4d55be606bd81fe71faba4f986dc090952329931ac2aba165803fd0005c59eeef08f9c6c689e8dc420031f3df0
  languageName: node
  linkType: hard

"ajv@npm:^6.10.0, ajv@npm:^6.12.4":
  version: 6.12.6
  resolution: "ajv@npm:6.12.6"
  dependencies:
    fast-deep-equal: ^3.1.1
    fast-json-stable-stringify: ^2.0.0
    json-schema-traverse: ^0.4.1
    uri-js: ^4.2.2
  checksum: 41e23642cbe545889245b9d2a45854ebba51cda6c778ebced9649420d9205f2efb39cb43dbc41e358409223b1ea43303ae4839db682c848b891e4811da1a5a71
  languageName: node
  linkType: hard

"ansi-regex@npm:^5.0.1":
  version: 5.0.1
  resolution: "ansi-regex@npm:5.0.1"
  checksum: 9a64bb8627b434ba9327b60c027742e5d17ac69277960d041898596271d992d4d52ba7267a63ca10232e29f6107fc8a835f6ce8d719b88c5f8493f8254813737
  languageName: node
  linkType: hard

"ansi-sequence-parser@npm:^1.1.0":
  version: 1.1.0
  resolution: "ansi-sequence-parser@npm:1.1.0"
  checksum: 87810a794a7eea0ec947e6a576017c52a8d95494956c74769cc65582338de2a368525d25bc9fde68f78451d420e334b8b7dd22c3c00be4ac880f0a4ac1dd1a4b
  languageName: node
  linkType: hard

"ansi-styles@npm:^4.1.0":
  version: 4.3.0
  resolution: "ansi-styles@npm:4.3.0"
  dependencies:
    color-convert: ^2.0.1
  checksum: 895a23929da416f2bd3de7e9cb4eabd340949328ab85ddd6e484a637d8f6820d485f53933446f5291c3b760cbc488beb8e88573dd0f9c7daf83dccc8fe81b041
  languageName: node
  linkType: hard

"argparse@npm:^2.0.1":
  version: 2.0.1
  resolution: "argparse@npm:2.0.1"
  checksum: c5640c2d89045371c7cedd6a70212a04e360fd34d6edeae32f6952c63949e3525ea77dbec0289d8213a99bbaeab5abfa860b5c12cf88a2e6cf8106e90dd27a7e
  languageName: node
  linkType: hard

"array-union@npm:^2.1.0":
  version: 2.1.0
  resolution: "array-union@npm:2.1.0"
  checksum: 429897e68110374f39b771ec47a7161fc6a8fc33e196857c0a396dc75df0b5f65e4d046674db764330b6bb66b39ef48dd7c53b6a2ee75cfb0681e0c1a7033962
  languageName: node
  linkType: hard

"balanced-match@npm:^1.0.0":
  version: 1.0.2
  resolution: "balanced-match@npm:1.0.2"
  checksum: 9308baf0a7e4838a82bbfd11e01b1cb0f0cf2893bc1676c27c2a8c0e70cbae1c59120c3268517a8ae7fb6376b4639ef81ca22582611dbee4ed28df945134aaee
  languageName: node
  linkType: hard

"brace-expansion@npm:^1.1.7":
  version: 1.1.11
  resolution: "brace-expansion@npm:1.1.11"
  dependencies:
    balanced-match: ^1.0.0
    concat-map: 0.0.1
  checksum: 695a56cd058096a7cb71fb09d9d6a7070113c7be516699ed361317aca2ec169f618e28b8af352e02ab4233fb54eb0168460a40dc320bab0034b36ab59aaad668
  languageName: node
  linkType: hard

"brace-expansion@npm:^2.0.1":
  version: 2.0.1
  resolution: "brace-expansion@npm:2.0.1"
  dependencies:
    balanced-match: ^1.0.0
  checksum: b358f2fe060e2d7a87aa015979ecea07f3c37d4018f8d6deb5bd4c229ad3a0384fe6029bb76cd8be63c81e516ee52d1a0673edbe2023d53a5191732ae3c3e49f
  languageName: node
  linkType: hard

"braces@npm:^3.0.2":
  version: 3.0.2
  resolution: "braces@npm:3.0.2"
  dependencies:
    fill-range: ^7.0.1
  checksum: 321b4d675791479293264019156ca322163f02dc06e3c4cab33bb15cd43d80b51efef69b0930cfde3acd63d126ebca24cd0544fa6f261e093a0fb41ab9dda381
  languageName: node
  linkType: hard

"callsites@npm:^3.0.0":
  version: 3.1.0
  resolution: "callsites@npm:3.1.0"
  checksum: fff92277400eb06c3079f9e74f3af120db9f8ea03bad0e84d9aede54bbe2d44a56cccb5f6cf12211f93f52306df87077ecec5b712794c5a9b5dac6d615a3f301
  languageName: node
  linkType: hard

"chalk@npm:^4.0.0":
  version: 4.1.2
  resolution: "chalk@npm:4.1.2"
  dependencies:
    ansi-styles: ^4.1.0
    supports-color: ^7.1.0
  checksum: 4a3fef5cc34975c898ffe77141450f679721df9dde00f6c304353fa9c8b571929123b26a0e4617bde5018977eb655b31970c297b91b63ee83bb82aeb04666880
  languageName: node
  linkType: hard

"color-convert@npm:^2.0.1":
  version: 2.0.1
  resolution: "color-convert@npm:2.0.1"
  dependencies:
    color-name: ~1.1.4
  checksum: 37e1150172f2e311fe1b2df62c6293a342ee7380da7b9cfdba67ea539909afbd74da27033208d01d6d5cfc65ee7868a22e18d7e7648e004425441c0f8a15a7d7
  languageName: node
  linkType: hard

"color-name@npm:~1.1.4":
  version: 1.1.4
  resolution: "color-name@npm:1.1.4"
  checksum: a1a3f914156960902f46f7f56bc62effc6c94e84b2cae157a526b1c1f74b677a47ec602bf68a61abfa2b42d15b7c5651c6dbe72a43af720bc588dff885b10f95
  languageName: node
  linkType: hard

"concat-map@npm:0.0.1":
  version: 0.0.1
  resolution: "concat-map@npm:0.0.1"
  checksum: c996b1cfdf95b6c90fee4dae37e332c8b6eb7d106430c17d538034c0ad9a1630cb194d2ab37293b1bdd4d779494beee7786d586a50bd9376fd6f7bcc2bd4c98f
  languageName: node
  linkType: hard

"cross-spawn@npm:^7.0.2":
  version: 7.0.3
  resolution: "cross-spawn@npm:7.0.3"
  dependencies:
    path-key: ^3.1.0
    shebang-command: ^2.0.0
    which: ^2.0.1
  checksum: 5738c312387081c98d69c98e105b6327b069197f864a60593245d64c8089c8a0a744e16349281210d56835bb9274130d825a78b2ad6853ca13cfbeffc0c31750
  languageName: node
  linkType: hard

"debug@npm:^4.1.1, debug@npm:^4.3.2, debug@npm:^4.3.4":
  version: 4.3.4
  resolution: "debug@npm:4.3.4"
  dependencies:
    ms: 2.1.2
  peerDependenciesMeta:
    supports-color:
      optional: true
  checksum: cedbec45298dd5c501d01b92b119cd3faebe5438c3917ff11ae1bff86a6c722930ac9c8659792824013168ba6db7c4668225d845c633fbdafbbf902a6389f736
  languageName: node
  linkType: hard

"deep-is@npm:^0.1.3":
  version: 0.1.4
  resolution: "deep-is@npm:0.1.4"
  checksum: 7f0ee496e0dff14a573dc6127f14c95061b448b87b995fc96c017ce0a1e66af1675e73f1d6064407975bc4ea6ab679497a29fff7b5b9c4e99cb10797c1ad0b4c
  languageName: node
  linkType: hard

"dir-glob@npm:^3.0.1":
  version: 3.0.1
  resolution: "dir-glob@npm:3.0.1"
  dependencies:
    path-type: ^4.0.0
  checksum: dcac00920a4d503e38bb64001acb19df4efc14536ada475725e12f52c16777afdee4db827f55f13a908ee7efc0cb282e2e3dbaeeb98c0993dd93d1802d3bf00c
  languageName: node
  linkType: hard

"doctrine@npm:^3.0.0":
  version: 3.0.0
  resolution: "doctrine@npm:3.0.0"
  dependencies:
    esutils: ^2.0.2
  checksum: c96bdccabe9d62ab6fea9399fdff04a66e6563c1d6fb3a3a063e8d53c3bb136ba63e84250bbf63d00086a769ad53aef92d2bd483f03f837fc97b71cbee6b2520
  languageName: node
  linkType: hard

"escape-string-regexp@npm:^4.0.0":
  version: 4.0.0
  resolution: "escape-string-regexp@npm:4.0.0"
  checksum: 9497d4dd307d845bd7f75180d8188bb17ea8c151c1edbf6b6717c100e104d629dc2dfb687686181b0f4b7d732c7dfdc4d5e7a8ff72de1b0ca283a75bbb3a9cd9
  languageName: node
  linkType: hard

"eslint-config-google@npm:^0.14.0":
  version: 0.14.0
  resolution: "eslint-config-google@npm:0.14.0"
  peerDependencies:
    eslint: ">=5.16.0"
  checksum: b714c8c45ab1743002f69aa419ad5b39bab00e89484f4e30c33f79f9de031349613f73c9dd4c3a10f40b89a3a43618d4be29df15ab3b96e761f2b705e7293345
  languageName: node
  linkType: hard

"eslint-config-prettier@npm:^8.8.0":
  version: 8.8.0
  resolution: "eslint-config-prettier@npm:8.8.0"
  peerDependencies:
    eslint: ">=7.0.0"
  bin:
    eslint-config-prettier: bin/cli.js
  checksum: 9e3bb602184b7ec59239d2f901b1594cd7cc59ff38c3ddcd812137817e50840f4d65d62b61c515c7eae86d85f8b6fb2ebda659a3f83b2f2c5da75feb15531508
  languageName: node
  linkType: hard

"eslint-plugin-prettier@npm:^4.2.1":
  version: 4.2.1
  resolution: "eslint-plugin-prettier@npm:4.2.1"
  dependencies:
    prettier-linter-helpers: ^1.0.0
  peerDependencies:
    eslint: ">=7.28.0"
    prettier: ">=2.0.0"
  peerDependenciesMeta:
    eslint-config-prettier:
      optional: true
  checksum: c5e7316baeab9d96ac39c279f16686e837277e5c67a8006c6588bcff317edffdc1532fb580441eb598bc6770f6444006756b68a6575dff1cd85ebe227252d0b7
  languageName: node
  linkType: hard

"eslint-scope@npm:^5.1.1":
  version: 5.1.1
  resolution: "eslint-scope@npm:5.1.1"
  dependencies:
    esrecurse: ^4.3.0
    estraverse: ^4.1.1
  checksum: d30ef9dc1c1cbdece34db1539a4933fe3f9b14e1ffb27ecc85987902ee663ad7c9473bbd49a9a03195a373741e62e2f807c4938992e019b511993d163450e70a
  languageName: node
  linkType: hard

"eslint-scope@npm:^7.2.0":
  version: 7.2.0
  resolution: "eslint-scope@npm:7.2.0"
  dependencies:
    esrecurse: ^4.3.0
    estraverse: ^5.2.0
  checksum: 5b48a3cc2485a3a58ca0bdecfb557c349009308a9b2afb24d070b1c0c254d445ee86d78bfee2c4ed6d1b8944307604a987c92f6d7e611e29de5d06256747a0ff
  languageName: node
  linkType: hard

"eslint-visitor-keys@npm:^3.3.0, eslint-visitor-keys@npm:^3.4.1":
  version: 3.4.1
  resolution: "eslint-visitor-keys@npm:3.4.1"
  checksum: b4ebd35aed5426cd81b1fb92487825f1acf47a31e91d76597a3ee0664d69627140c4dafaf9b319cfeb1f48c1113a393e21a734c669e6565a72e6fcc311bd9911
  languageName: node
  linkType: hard

"eslint@npm:^8.40.0":
  version: 8.40.0
  resolution: "eslint@npm:8.40.0"
  dependencies:
    "@eslint-community/eslint-utils": ^4.2.0
    "@eslint-community/regexpp": ^4.4.0
    "@eslint/eslintrc": ^2.0.3
    "@eslint/js": 8.40.0
    "@humanwhocodes/config-array": ^0.11.8
    "@humanwhocodes/module-importer": ^1.0.1
    "@nodelib/fs.walk": ^1.2.8
    ajv: ^6.10.0
    chalk: ^4.0.0
    cross-spawn: ^7.0.2
    debug: ^4.3.2
    doctrine: ^3.0.0
    escape-string-regexp: ^4.0.0
    eslint-scope: ^7.2.0
    eslint-visitor-keys: ^3.4.1
    espree: ^9.5.2
    esquery: ^1.4.2
    esutils: ^2.0.2
    fast-deep-equal: ^3.1.3
    file-entry-cache: ^6.0.1
    find-up: ^5.0.0
    glob-parent: ^6.0.2
    globals: ^13.19.0
    grapheme-splitter: ^1.0.4
    ignore: ^5.2.0
    import-fresh: ^3.0.0
    imurmurhash: ^0.1.4
    is-glob: ^4.0.0
    is-path-inside: ^3.0.3
    js-sdsl: ^4.1.4
    js-yaml: ^4.1.0
    json-stable-stringify-without-jsonify: ^1.0.1
    levn: ^0.4.1
    lodash.merge: ^4.6.2
    minimatch: ^3.1.2
    natural-compare: ^1.4.0
    optionator: ^0.9.1
    strip-ansi: ^6.0.1
    strip-json-comments: ^3.1.0
    text-table: ^0.2.0
  bin:
    eslint: bin/eslint.js
  checksum: dfd4dbb5e2771d7c81852f29cec658fd9d29a0f252b6e962505ee8cd8b9c2c50707ebd7379333836b04514375268e7c09927372601d08354a151fe5db7d760a8
  languageName: node
  linkType: hard

"espree@npm:^9.5.2":
  version: 9.5.2
  resolution: "espree@npm:9.5.2"
  dependencies:
    acorn: ^8.8.0
    acorn-jsx: ^5.3.2
    eslint-visitor-keys: ^3.4.1
  checksum: 6885e57b3dcea3f65211403a10077a80a57f03e6c8b45c1e1db4bc5958e0fdb5c358819c88898ea67655d25fb646836182f688156e124a05610e714d3fcb6822
  languageName: node
  linkType: hard

"esquery@npm:^1.4.2":
  version: 1.5.0
  resolution: "esquery@npm:1.5.0"
  dependencies:
    estraverse: ^5.1.0
  checksum: a084bd049d954cc88ac69df30534043fb2aee5555b56246493f42f27d1e168f00d9e5d4192e46f10290d312dc30dc7d58994d61a609c579c1219d636996f9213
  languageName: node
  linkType: hard

"esrecurse@npm:^4.3.0":
  version: 4.3.0
  resolution: "esrecurse@npm:4.3.0"
  dependencies:
    estraverse: ^5.2.0
  checksum: 81a37116d1408ded88ada45b9fb16dbd26fba3aadc369ce50fcaf82a0bac12772ebd7b24cd7b91fc66786bf2c1ac7b5f196bc990a473efff972f5cb338877cf5
  languageName: node
  linkType: hard

"estraverse@npm:^4.1.1":
  version: 4.3.0
  resolution: "estraverse@npm:4.3.0"
  checksum: 9cb46463ef8a8a4905d3708a652d60122a0c20bb58dec7e0e12ab0e7235123d74214fc0141d743c381813e1b992767e2708194f6f6e0f9fd00c1b4e0887b8b6d
  languageName: node
  linkType: hard

"estraverse@npm:^5.1.0, estraverse@npm:^5.2.0":
  version: 5.3.0
  resolution: "estraverse@npm:5.3.0"
  checksum: 1ff9447b96263dec95d6d67431c5e0771eb9776427421260a3e2f0fdd5d6bd4f8e37a7338f5ad2880c9f143450c9b1e4fc2069060724570a49cf9cf0312bd107
  languageName: node
  linkType: hard

"esutils@npm:^2.0.2":
  version: 2.0.3
  resolution: "esutils@npm:2.0.3"
  checksum: 9a2fe69a41bfdade834ba7c42de4723c97ec776e40656919c62cbd13607c45e127a003f05f724a1ea55e5029a4cf2de444b13009f2af71271e42d93a637137c7
  languageName: node
  linkType: hard

"fast-deep-equal@npm:^3.1.1, fast-deep-equal@npm:^3.1.3":
  version: 3.1.3
  resolution: "fast-deep-equal@npm:3.1.3"
  checksum: 40dedc862eb8992c54579c66d914635afbec43350afbbe991235fdcb4e3a8d5af1b23ae7e79bef7d4882d0ecee06c3197488026998fb19f72dc95acff1d1b1d0
  languageName: node
  linkType: hard

"fast-diff@npm:^1.1.2":
  version: 1.2.0
  resolution: "fast-diff@npm:1.2.0"
  checksum: 2fbcb23957fb0bc920832a94ba627b860400f9cce45e1594e931dabf62e858369a58c6c2603e2ecc4f7679580f710b5b5b6e698a355a9a9bfcfd93c06c7c4350
  languageName: node
  linkType: hard

"fast-glob@npm:^3.2.9":
  version: 3.2.12
  resolution: "fast-glob@npm:3.2.12"
  dependencies:
    "@nodelib/fs.stat": ^2.0.2
    "@nodelib/fs.walk": ^1.2.3
    glob-parent: ^5.1.2
    merge2: ^1.3.0
    micromatch: ^4.0.4
  checksum: 08604fb8ef6442ce74068bef3c3104382bb1f5ab28cf75e4ee904662778b60ad620e1405e692b7edea598ef445f5d387827a965ba034e1892bf54b1dfde97f26
  languageName: node
  linkType: hard

"fast-json-stable-stringify@npm:^2.0.0":
  version: 2.1.0
  resolution: "fast-json-stable-stringify@npm:2.1.0"
  checksum: 7f081eb0b8a64e0057b3bb03f974b3ef00135fbf36c1c710895cd9300f13c94ba809bb3a81cf4e1b03f6e5285610a61abbd7602d0652de423144dfee5a389c9b
  languageName: node
  linkType: hard

"fast-levenshtein@npm:^2.0.6":
  version: 2.0.6
  resolution: "fast-levenshtein@npm:2.0.6"
  checksum: 111972b37338bcb88f7d9e2c5907862c280ebf4234433b95bc611e518d192ccb2d38119c4ac86e26b668d75f7f3894f4ff5c4982899afced7ca78633b08287c4
  languageName: node
  linkType: hard

"fastq@npm:^1.6.0":
  version: 1.15.0
  resolution: "fastq@npm:1.15.0"
  dependencies:
    reusify: ^1.0.4
  checksum: 5ce4f83afa5f88c9379e67906b4d31bc7694a30826d6cc8d0f0473c966929017fda65c2174b0ec89f064ede6ace6c67f8a4fe04cef42119b6a55b0d465554c24
  languageName: node
  linkType: hard

"file-entry-cache@npm:^6.0.1":
  version: 6.0.1
  resolution: "file-entry-cache@npm:6.0.1"
  dependencies:
    flat-cache: ^3.0.4
  checksum: 58473e8a82794d01b38e5e435f6feaf648e3f36fdb3a56e98f417f4efae71ad1c0d4ebd8a9a7c50c3ad085820a93fc7494ad721e0e4ebc1da3573f4e1c3c7cdd
  languageName: node
  linkType: hard

"fill-range@npm:^7.0.1":
  version: 7.0.1
  resolution: "fill-range@npm:7.0.1"
  dependencies:
    to-regex-range: ^5.0.1
  checksum: 7cdad7d426ffbaadf45aeb5d15ec675bbd77f7597ad5399e3d2766987ed20bda24d5fac64b3ee79d93276f5865608bb22344a26b9b1ae6c4d00bd94bf611623f
  languageName: node
  linkType: hard

"find-up@npm:^5.0.0":
  version: 5.0.0
  resolution: "find-up@npm:5.0.0"
  dependencies:
    locate-path: ^6.0.0
    path-exists: ^4.0.0
  checksum: 062c5a83a9c02f53cdd6d175a37ecf8f87ea5bbff1fdfb828f04bfa021441bc7583e8ebc0872a4c1baab96221fb8a8a275a19809fb93fbc40bd69ec35634069a
  languageName: node
  linkType: hard

"flat-cache@npm:^3.0.4":
  version: 3.0.4
  resolution: "flat-cache@npm:3.0.4"
  dependencies:
    flatted: ^3.1.0
    rimraf: ^3.0.2
  checksum: f274dcbadb09ad8d7b6edf2ee9b034bc40bf0c12638f6c4084e9f1d39208cb104a5ebbb24b398880ef048200eaa116852f73d2d8b72e8c9627aba8c3e27ca057
  languageName: node
  linkType: hard

"flatted@npm:^3.1.0":
  version: 3.2.7
  resolution: "flatted@npm:3.2.7"
  checksum: 207a87c7abfc1ea6928ea16bac84f9eaa6d44d365620ece419e5c41cf44a5e9902b4c1f59c9605771b10e4565a0cb46e99d78e0464e8aabb42c97de880642257
  languageName: node
  linkType: hard

"fs.realpath@npm:^1.0.0":
  version: 1.0.0
  resolution: "fs.realpath@npm:1.0.0"
  checksum: 444cf1291d997165dfd4c0d58b69f0e4782bfd9149fd72faa4fe299e68e0e93d6db941660b37dd29153bf7186672ececa3b50b7e7249477b03fdf850f287c948
  languageName: node
  linkType: hard

"glob-parent@npm:^5.1.2":
  version: 5.1.2
  resolution: "glob-parent@npm:5.1.2"
  dependencies:
    is-glob: ^4.0.1
  checksum: cab87638e2112bee3f839ef5f6e0765057163d39c66be8ec1602f3823da4692297ad4e972de876ea17c44d652978638d2fd583c6713d0eb6591706825020c9ee
  languageName: node
  linkType: hard

"glob-parent@npm:^6.0.2":
  version: 6.0.2
  resolution: "glob-parent@npm:6.0.2"
  dependencies:
    is-glob: ^4.0.3
  checksum: 317034d88654730230b3f43bb7ad4f7c90257a426e872ea0bf157473ac61c99bf5d205fad8f0185f989be8d2fa6d3c7dce1645d99d545b6ea9089c39f838e7f8
  languageName: node
  linkType: hard

"glob@npm:^7.1.3":
  version: 7.2.3
  resolution: "glob@npm:7.2.3"
  dependencies:
    fs.realpath: ^1.0.0
    inflight: ^1.0.4
    inherits: 2
    minimatch: ^3.1.1
    once: ^1.3.0
    path-is-absolute: ^1.0.0
  checksum: 65676153e2b0c9095100fe7f25a778bf45608eeb32c6048cf307f579649bcc30353277b3b898a3792602c65764e5baa4f643714dfbdfd64ea271d210c7a425fe
  languageName: node
  linkType: hard

"globals@npm:^13.19.0":
  version: 13.20.0
  resolution: "globals@npm:13.20.0"
  dependencies:
    type-fest: ^0.20.2
  checksum: 9a028f136f1e7a3574689f430f7d57faa0d699c4c7e92ade00b02882a892be31c314d50dff07b48e607283013117bb8a997406d03a1f7ab4a33a005eb16efd6c
  languageName: node
  linkType: hard

"globby@npm:^11.1.0":
  version: 11.1.0
  resolution: "globby@npm:11.1.0"
  dependencies:
    array-union: ^2.1.0
    dir-glob: ^3.0.1
    fast-glob: ^3.2.9
    ignore: ^5.2.0
    merge2: ^1.4.1
    slash: ^3.0.0
  checksum: b39511b4afe4bd8a7aead3a27c4ade2b9968649abab0a6c28b1a90141b96ca68ca5db1302f7c7bd29eab66bf51e13916b8e0a3d0ac08f75e1e84a39b35691189
  languageName: node
  linkType: hard

"grapheme-splitter@npm:^1.0.4":
  version: 1.0.4
  resolution: "grapheme-splitter@npm:1.0.4"
  checksum: 108415fb07ac913f17040dc336607772fcea68c7f495ef91887edddb0b0f5ff7bc1d1ab181b125ecb2f0505669ef12c9a178a3bbd2dd8e042d8c5f1d7c90331a
  languageName: node
  linkType: hard

"has-flag@npm:^4.0.0":
  version: 4.0.0
  resolution: "has-flag@npm:4.0.0"
  checksum: 2e789c61b7888d66993e14e8331449e525ef42aac53c627cc53d1c3334e768bcb6abdc4f5f0de1478a25beec6f0bd62c7549058b7ac53e924040d4f301f02fd1
  languageName: node
  linkType: hard

"ignore@npm:^5.2.0":
  version: 5.2.4
  resolution: "ignore@npm:5.2.4"
  checksum: 7c7cd90edd9fea6e037f9b9da4b01bf0a86b198ce78345f9bbd983929d68ff14830be31111edc5d70c264921f4962404d75b7262b4d9cc3bc12381eccbd03096
  languageName: node
  linkType: hard

"import-fresh@npm:^3.0.0, import-fresh@npm:^3.2.1":
  version: 3.3.0
  resolution: "import-fresh@npm:3.3.0"
  dependencies:
    parent-module: ^1.0.0
    resolve-from: ^4.0.0
  checksum: 7f882953aa6b740d1f0e384d0547158bc86efbf2eea0f1483b8900a6f65c5a5123c2cf09b0d542cc419d0b98a759ecaeb394237e97ea427f2da221dc3cd80cc3
  languageName: node
  linkType: hard

"imurmurhash@npm:^0.1.4":
  version: 0.1.4
  resolution: "imurmurhash@npm:0.1.4"
  checksum: 8b51313850dd33605c6c9d3fd9638b714f4c4c40250cff658209f30d40da60f78992fb2df5dabee4acf589a6a82bbc79ad5486550754bd9ec4e3fc0d4a57d6a6
  languageName: node
  linkType: hard

"inflight@npm:^1.0.4":
  version: 1.0.6
  resolution: "inflight@npm:1.0.6"
  dependencies:
    once: ^1.3.0
    wrappy: 1
  checksum: 7faca22584600a9dc5b9fca2cd5feb7135ac8c935449837b315676b4c90aa4f391ec4f42240178244b5a34e8bede1948627fda392ca3191522fc46b34e985ab2
  languageName: node
  linkType: hard

"inherits@npm:2":
  version: 2.0.4
  resolution: "inherits@npm:2.0.4"
  checksum: 4e531f648b29039fb7426fb94075e6545faa1eb9fe83c29f0b6d9e7263aceb4289d2d4557db0d428188eeb449cc7c5e77b0a0b2c4e248ff2a65933a0dee49ef2
  languageName: node
  linkType: hard

"is-extglob@npm:^2.1.1":
  version: 2.1.1
  resolution: "is-extglob@npm:2.1.1"
  checksum: 5487da35691fbc339700bbb2730430b07777a3c21b9ebaecb3072512dfd7b4ba78ac2381a87e8d78d20ea08affb3f1971b4af629173a6bf435ff8a4c47747912
  languageName: node
  linkType: hard

"is-glob@npm:^4.0.0, is-glob@npm:^4.0.1, is-glob@npm:^4.0.3":
  version: 4.0.3
  resolution: "is-glob@npm:4.0.3"
  dependencies:
    is-extglob: ^2.1.1
  checksum: 17fb4014e22be3bbecea9b2e3a76e9e34ff645466be702f1693e8f1ee1adac84710d0be0bd9f967d6354036fd51ab7c2741d954d6e91dae6bb69714de92c197a
  languageName: node
  linkType: hard

"is-number@npm:^7.0.0":
  version: 7.0.0
  resolution: "is-number@npm:7.0.0"
  checksum: b4686d0d3053146095ccd45346461bc8e53b80aeb7671cc52a4de02dbbf7dc0d1d2a986e2fe4ae206984b4d34ef37e8b795ebc4f4295c978373e6575e295d811
  languageName: node
  linkType: hard

"is-path-inside@npm:^3.0.3":
  version: 3.0.3
  resolution: "is-path-inside@npm:3.0.3"
  checksum: cf7d4ac35fb96bab6a1d2c3598fe5ebb29aafb52c0aaa482b5a3ed9d8ba3edc11631e3ec2637660c44b3ce0e61a08d54946e8af30dec0b60a7c27296c68ffd05
  languageName: node
  linkType: hard

"isexe@npm:^2.0.0":
  version: 2.0.0
  resolution: "isexe@npm:2.0.0"
  checksum: 228cfa503fadc2c31596ab06ed6aa82c9976eec2bfd83397e7eaf06d0ccf42cd1dfd6743bf9aeb01aebd4156d009994c5f76ea898d2832c1fe342da923ca457d
  languageName: node
  linkType: hard

"js-sdsl@npm:^4.1.4":
  version: 4.4.0
  resolution: "js-sdsl@npm:4.4.0"
  checksum: 1eabe718867d293771074b5a14a82a115727b3d4abc9524fb9b0cb74293f447b90fe27bb74eb712b6400aeb7b869631c0a67d3347670cf22d067e77caeeb2f33
  languageName: node
  linkType: hard

"js-yaml@npm:^4.1.0":
  version: 4.1.0
  resolution: "js-yaml@npm:4.1.0"
  dependencies:
    argparse: ^2.0.1
  bin:
    js-yaml: bin/js-yaml.js
  checksum: 184a24b4eaacfce40ad9074c64fd42ac83cf74d8c8cd137718d456ced75051229e5061b8633c3366b8aada17945a7a356b337828c19da92b51ae62126575018f
  languageName: node
  linkType: hard

"json-schema-traverse@npm:^0.4.1":
  version: 0.4.1
  resolution: "json-schema-traverse@npm:0.4.1"
  checksum: 108fa90d4cc6f08243aedc6da16c408daf81793bf903e9fd5ab21983cda433d5d2da49e40711da016289465ec2e62e0324dcdfbc06275a607fe3233fde4942ce
  languageName: node
  linkType: hard

"json-stable-stringify-without-jsonify@npm:^1.0.1":
  version: 1.0.1
  resolution: "json-stable-stringify-without-jsonify@npm:1.0.1"
  checksum: cb168b61fd4de83e58d09aaa6425ef71001bae30d260e2c57e7d09a5fd82223e2f22a042dedaab8db23b7d9ae46854b08bb1f91675a8be11c5cffebef5fb66a5
  languageName: node
  linkType: hard

"jsonc-parser@npm:^3.2.0":
  version: 3.2.0
  resolution: "jsonc-parser@npm:3.2.0"
  checksum: 5a12d4d04dad381852476872a29dcee03a57439574e4181d91dca71904fcdcc5e8e4706c0a68a2c61ad9810e1e1c5806b5100d52d3e727b78f5cdc595401045b
  languageName: node
  linkType: hard

"levn@npm:^0.4.1":
  version: 0.4.1
  resolution: "levn@npm:0.4.1"
  dependencies:
    prelude-ls: ^1.2.1
    type-check: ~0.4.0
  checksum: effb03cad7c89dfa5bd4f6989364bfc79994c2042ec5966cb9b95990e2edee5cd8969ddf42616a0373ac49fac1403437deaf6e9050fbbaa3546093a59b9ac94e
  languageName: node
  linkType: hard

"locate-path@npm:^6.0.0":
  version: 6.0.0
  resolution: "locate-path@npm:6.0.0"
  dependencies:
    p-locate: ^5.0.0
  checksum: d3972ab70dfe58ce620e64265f90162d247e87159b6126b01314dd67be43d50e96a50b517bce2d9452a79409c7614054c277b5232377de50416564a77ac7aad3
  languageName: node
  linkType: hard

"lodash.merge@npm:^4.6.2":
  version: 4.6.2
  resolution: "lodash.merge@npm:4.6.2"
  checksum: 402fa16a1edd7538de5b5903a90228aa48eb5533986ba7fa26606a49db2572bf414ff73a2c9f5d5fd36b31c46a5d5c7e1527749c07cbcf965ccff5fbdf32c506
  languageName: node
  linkType: hard

"lru-cache@npm:^6.0.0":
  version: 6.0.0
  resolution: "lru-cache@npm:6.0.0"
  dependencies:
    yallist: ^4.0.0
  checksum: cb53e582785c48187d7a188d3379c181b5ca2a9c78d2bce3e7dee36f32761d1c42983da3fe12b55cb74e1779fa94cdc2e5367c028a9b35317184ede0c07a30a9
  languageName: node
  linkType: hard

"lunr@npm:^2.3.9":
  version: 2.3.9
  resolution: "lunr@npm:2.3.9"
  checksum: 77d7dbb4fbd602aac161e2b50887d8eda28c0fa3b799159cee380fbb311f1e614219126ecbbd2c3a9c685f1720a8109b3c1ca85cc893c39b6c9cc6a62a1d8a8b
  languageName: node
  linkType: hard

"marked@npm:^4.3.0":
  version: 4.3.0
  resolution: "marked@npm:4.3.0"
  bin:
    marked: bin/marked.js
  checksum: 0013463855e31b9c88d8bb2891a611d10ef1dc79f2e3cbff1bf71ba389e04c5971298c886af0be799d7fa9aa4593b086a136062d59f1210b0480b026a8c5dc47
  languageName: node
  linkType: hard

"merge2@npm:^1.3.0, merge2@npm:^1.4.1":
  version: 1.4.1
  resolution: "merge2@npm:1.4.1"
  checksum: 254a8a4605b58f450308fc474c82ac9a094848081bf4c06778200207820e5193726dc563a0d2c16468810516a5c97d9d3ea0ca6585d23c58ccfff2403e8dbbeb
  languageName: node
  linkType: hard

"micromatch@npm:^4.0.4":
  version: 4.0.5
  resolution: "micromatch@npm:4.0.5"
  dependencies:
    braces: ^3.0.2
    picomatch: ^2.3.1
  checksum: 3d6505b20f9fa804af5d8c596cb1c5e475b9b0cd05f652c5b56141cf941bd72adaeb7a436fda344235cef93a7f29b7472efc779fcdb83b478eab0867b95cdeff
  languageName: node
  linkType: hard

"minimatch@npm:^3.0.5, minimatch@npm:^3.1.1, minimatch@npm:^3.1.2":
  version: 3.1.2
  resolution: "minimatch@npm:3.1.2"
  dependencies:
    brace-expansion: ^1.1.7
  checksum: 0262810a8fc2e72cca45d6fd86bd349eee435eb95ac6aa45c9ea2180e7ee875ef44c32b55b5973ceabe95ea12682f6e3725cbb63d7a2d1da3ae1163c8b210311
  languageName: node
  linkType: hard

"minimatch@npm:^9.0.0":
  version: 9.0.0
  resolution: "minimatch@npm:9.0.0"
  dependencies:
    brace-expansion: ^2.0.1
  checksum: d966656c280a994f89c3711e8cdac0c78d8703d028a26722d0229e3e92bf515a065165caa64cbccdd7ca89bb0338a3094920f8d42d36295c4d55922e19ae366e
  languageName: node
  linkType: hard

"ms@npm:2.1.2":
  version: 2.1.2
  resolution: "ms@npm:2.1.2"
  checksum: a437714e2f90dbf881b5191d35a6db792efbca5badf112f87b9e1c712aace4b4b9b742dd6537f3edf90fd6f684de897cec230abde57e87883766712ddda297cc
  languageName: node
  linkType: hard

"natural-compare-lite@npm:^1.4.0":
  version: 1.4.0
  resolution: "natural-compare-lite@npm:1.4.0"
  checksum: f6cef26f5044515754802c0fc475d81426f3b90fe88c20fabe08771ce1f736ce46e0397c10acb569a4dd0acb84c7f1ee70676122f95d5bfdd747af3a6c6bbaa8
  languageName: node
  linkType: hard

"natural-compare@npm:^1.4.0":
  version: 1.4.0
  resolution: "natural-compare@npm:1.4.0"
  checksum: f5f9a7974bfb28a91afafa254b197f0f22c684d4a1731763dda960d2c8e375b36c7d690e0d9dc8fba774c537af14a7e979129bca23d88d052fbeb9466955e447
  languageName: node
  linkType: hard

"once@npm:^1.3.0":
  version: 1.4.0
  resolution: "once@npm:1.4.0"
  dependencies:
    wrappy: 1
  checksum: 5d48aca287dfefabd756621c5dfce5c91a549a93e9fdb7b8246bc4c4790aa2ec17b34a260530474635147aeb631a2dcc8b32c613df0675f96041cbb8244517d0
  languageName: node
  linkType: hard

"optionator@npm:^0.9.1":
  version: 0.9.1
  resolution: "optionator@npm:0.9.1"
  dependencies:
    deep-is: ^0.1.3
    fast-levenshtein: ^2.0.6
    levn: ^0.4.1
    prelude-ls: ^1.2.1
    type-check: ^0.4.0
    word-wrap: ^1.2.3
  checksum: 8b574d50b032f34713dc09bfacdc351824f713c3c80773ead3a05ab977364de88f2f3962a6f15437747b93a5e0636928253949970daea3aaeeefbd3a525da6a4
  languageName: node
  linkType: hard

"p-limit@npm:^3.0.2":
  version: 3.1.0
  resolution: "p-limit@npm:3.1.0"
  dependencies:
    yocto-queue: ^0.1.0
  checksum: 9db675949dbdc9c3763c89e748d0ef8bdad0afbb24d49ceaf4c46c02c77d30db4e0652ed36d0a0a7a95154335fab810d95c86153105bb73b3a90448e2bb14e1a
  languageName: node
  linkType: hard

"p-locate@npm:^5.0.0":
  version: 5.0.0
  resolution: "p-locate@npm:5.0.0"
  dependencies:
    p-limit: ^3.0.2
  checksum: 2290d627ab7903b8b70d11d384fee714b797f6040d9278932754a6860845c4d3190603a0772a663c8cb5a7b21d1b16acb3a6487ebcafa9773094edc3dfe6009a
  languageName: node
  linkType: hard

"parent-module@npm:^1.0.0":
  version: 1.0.1
  resolution: "parent-module@npm:1.0.1"
  dependencies:
    callsites: ^3.0.0
  checksum: c63d6e80000d4babd11978e0d3fee386ca7752a02b035fd2435960ffaa7219dc42146f07069fb65e6e8bf1caef89daf9af7535a39bddf354d78bf50d8294f556
  languageName: node
  linkType: hard

"path-exists@npm:^4.0.0":
  version: 4.0.0
  resolution: "path-exists@npm:4.0.0"
  checksum: 8c0bd3f5238188197dc78dced15207a4716c51cc4e3624c44fc97acf69558f5ebb9a2afff486fe1b4ee148e0c133e96c5e11a9aa5c48a3006e3467da070e5e1b
  languageName: node
  linkType: hard

"path-is-absolute@npm:^1.0.0":
  version: 1.0.1
  resolution: "path-is-absolute@npm:1.0.1"
  checksum: 127da03c82172a2a50099cddbf02510c1791fc2cc5f7713ddb613a56838db1e8168b121a920079d052e0936c23005562059756d653b7c544c53185efe53be078
  languageName: node
  linkType: hard

"path-key@npm:^3.1.0":
  version: 3.1.1
  resolution: "path-key@npm:3.1.1"
  checksum: 748c43efd5a569c039d7a00a03b58eecd1d75f3999f5a28303d75f521288df4823bc057d8784eb72358b2895a05f29a070bc9f1f17d28226cc4e62494cc58c4c
  languageName: node
  linkType: hard

"path-type@npm:^4.0.0":
  version: 4.0.0
  resolution: "path-type@npm:4.0.0"
  checksum: 666f6973f332f27581371efaf303fd6c272cc43c2057b37aa99e3643158c7e4b2626549555d88626e99ea9e046f82f32e41bbde5f1508547e9a11b149b52387c
  languageName: node
  linkType: hard

"picomatch@npm:^2.3.1":
  version: 2.3.1
  resolution: "picomatch@npm:2.3.1"
  checksum: 26c02b8d06f03206fc2ab8d16f19960f2ff9e81a658f831ecb656d8f17d9edc799e8364b1f4a7873e89d9702dff96204be0fa26fe4181f6843f040f819dac4be
  languageName: node
  linkType: hard

"prelude-ls@npm:^1.2.1":
  version: 1.2.1
  resolution: "prelude-ls@npm:1.2.1"
  checksum: b00d617431e7886c520a6f498a2e14c75ec58f6d93ba48c3b639cf241b54232d90daa05d83a9e9b9fef6baa63cb7e1e4602c2372fea5bc169668401eb127d0cd
  languageName: node
  linkType: hard

"prettier-linter-helpers@npm:^1.0.0":
  version: 1.0.0
  resolution: "prettier-linter-helpers@npm:1.0.0"
  dependencies:
    fast-diff: ^1.1.2
  checksum: 81e0027d731b7b3697ccd2129470ed9913ecb111e4ec175a12f0fcfab0096516373bf0af2fef132af50cafb0a905b74ff57996d615f59512bb9ac7378fcc64ab
  languageName: node
  linkType: hard

"prettier@npm:^2.8.8":
  version: 2.8.8
  resolution: "prettier@npm:2.8.8"
  bin:
    prettier: bin-prettier.js
  checksum: 463ea8f9a0946cd5b828d8cf27bd8b567345cf02f56562d5ecde198b91f47a76b7ac9eae0facd247ace70e927143af6135e8cf411986b8cb8478784a4d6d724a
  languageName: node
  linkType: hard

"punycode@npm:^2.1.0":
  version: 2.3.0
  resolution: "punycode@npm:2.3.0"
  checksum: 8e6f7abdd3a6635820049e3731c623bbef3fedbf63bbc696b0d7237fdba4cefa069bc1fa62f2938b0fbae057550df7b5318f4a6bcece27f1907fc75c54160bee
  languageName: node
  linkType: hard

"queue-microtask@npm:^1.2.2":
  version: 1.2.3
  resolution: "queue-microtask@npm:1.2.3"
  checksum: 900a93d3cdae3acd7d16f642c29a642aea32c2026446151f0778c62ac089d4b8e6c986811076e1ae180a694cedf077d453a11b58ff0a865629a4f82ab558e102
  languageName: node
  linkType: hard

"resolve-from@npm:^4.0.0":
  version: 4.0.0
  resolution: "resolve-from@npm:4.0.0"
  checksum: 8408eec31a3112ef96e3746c37be7d64020cda07c03a920f5024e77290a218ea758b26ca9529fd7b1ad283947f34b2291c1c0f6aa0ed34acfdda9c6014c8d190
  languageName: node
  linkType: hard

"reusify@npm:^1.0.4":
  version: 1.0.4
  resolution: "reusify@npm:1.0.4"
  checksum: c19ef26e4e188f408922c46f7ff480d38e8dfc55d448310dfb518736b23ed2c4f547fb64a6ed5bdba92cd7e7ddc889d36ff78f794816d5e71498d645ef476107
  languageName: node
  linkType: hard

"rimraf@npm:^3.0.2":
  version: 3.0.2
  resolution: "rimraf@npm:3.0.2"
  dependencies:
    glob: ^7.1.3
  bin:
    rimraf: bin.js
  checksum: 9cb7757acb489bd83757ba1a274ab545eafd75598a9d817e0c3f8b164238dd90eba50d6b848bd4dcc5f3040912e882dc7ba71653e35af660d77b25c381d402e8
  languageName: node
  linkType: hard

"run-parallel@npm:^1.1.9":
  version: 1.2.0
  resolution: "run-parallel@npm:1.2.0"
  dependencies:
    queue-microtask: ^1.2.2
  checksum: 200b5ab25b5b8b7113f9901bfe3afc347e19bb7475b267d55ad0eb86a62a46d77510cb0f232507c9e5d497ebda569a08a9867d0d14f57a82ad5564d991588b39
  languageName: node
  linkType: hard

"semver@npm:^7.3.7":
  version: 7.5.1
  resolution: "semver@npm:7.5.1"
  dependencies:
    lru-cache: ^6.0.0
  bin:
    semver: bin/semver.js
  checksum: ae6aca3cfba9b4d0e0a8fa789c7fa4a8412e39f24ecc19500db291a0a31bb43c151021e4fdbb68a85dcd06c1297f6daeeb09647cea4253eba0ccc0106eb7cd67
  languageName: node
  linkType: hard

"shebang-command@npm:^2.0.0":
  version: 2.0.0
  resolution: "shebang-command@npm:2.0.0"
  dependencies:
    shebang-regex: ^3.0.0
  checksum: a41692e7d89a553ef21d324a5cceb5f686d1f3c040759c50aab69688634688c5c327f26f3ecf7001ebfd78c01f3c7c0a11a7c8bfd0a8bc9f6240d4f40b224e4e
  languageName: node
  linkType: hard

"shebang-regex@npm:^3.0.0":
  version: 3.0.0
  resolution: "shebang-regex@npm:3.0.0"
  checksum: 1dbed0726dd0e1152a92696c76c7f06084eb32a90f0528d11acd764043aacf76994b2fb30aa1291a21bd019d6699164d048286309a278855ee7bec06cf6fb690
  languageName: node
  linkType: hard

"shiki@npm:^0.14.1":
  version: 0.14.2
  resolution: "shiki@npm:0.14.2"
  dependencies:
    ansi-sequence-parser: ^1.1.0
    jsonc-parser: ^3.2.0
    vscode-oniguruma: ^1.7.0
    vscode-textmate: ^8.0.0
  checksum: ad25241a46e3f9444cb4ac8f00646a196e5619caa3ca9efb7abd8129e4076f2b72464b7d313904f94af0dfa422d3a7d49cd5844cded7eb4c4d9bcc40eeeae179
  languageName: node
  linkType: hard

"slash@npm:^3.0.0":
  version: 3.0.0
  resolution: "slash@npm:3.0.0"
  checksum: e18488c6a42bdfd4ac5be85b2ced3ccd0224773baae6ad42cfbb9ec74fc07f9fa8396bd35ee638084ead7a2a0818eb5e7151111544d4731ce843019dab4be47b
  languageName: node
  linkType: hard

"strip-ansi@npm:^6.0.1":
  version: 6.0.1
  resolution: "strip-ansi@npm:6.0.1"
  dependencies:
    ansi-regex: ^5.0.1
  checksum: 1ae5f212a126fe5b167707f716942490e3933085a5ff6c008ab97ab2f272c8025d3aa218b7bd6ab25729ca20cc81cddb252102f8751e13482a5199e873680952
  languageName: node
  linkType: hard

"strip-json-comments@npm:^3.1.0, strip-json-comments@npm:^3.1.1":
  version: 3.1.1
  resolution: "strip-json-comments@npm:3.1.1"
  checksum: 9681a6257b925a7fa0f285851c0e613cc934a50661fa7bb41ca9cbbff89686bb4a0ee366e6ecedc4daafd01e83eee0720111ab294366fe7c185e935475ebcecd
  languageName: node
  linkType: hard

"supports-color@npm:^7.1.0":
  version: 7.2.0
  resolution: "supports-color@npm:7.2.0"
  dependencies:
    has-flag: ^4.0.0
  checksum: afb4c88521b8b136b5f5f95160c98dee7243dc79d5432db7efc27efb219385bbc7d9427398e43dd6cc730a0f87d5085ce1652af7efbe391327bc0a7d0f7fc124
  languageName: node
  linkType: hard

"text-table@npm:^0.2.0":
  version: 0.2.0
  resolution: "text-table@npm:0.2.0"
  checksum: 02805740c12851ea5982686810702e2f14369a5f4c5c40a836821e3eefc65ffeec3131ba324692a37608294b0fd8c1e55a2dd571ffed4909822787668ddbee5c
  languageName: node
  linkType: hard

"to-regex-range@npm:^5.0.1":
  version: 5.0.1
  resolution: "to-regex-range@npm:5.0.1"
  dependencies:
    is-number: ^7.0.0
  checksum: 487988b0a19c654ff3e1961b87f471702e708fa8a8dd02a298ef16da7206692e8552a0250e8b3e8759270f62e9d8314616f6da274734d3b558b1fc7b7724e892
  languageName: node
  linkType: hard

"tslib@npm:^1.8.1":
  version: 1.14.1
  resolution: "tslib@npm:1.14.1"
  checksum: 69ae09c49eea644bc5ebe1bca4fa4cc2c82b7b3e02f43b84bd891504edf66dbc6b2ec0eef31a957042de2269139e4acff911e6d186a258fb14069cd7f6febce2
  languageName: node
  linkType: hard

"tsutils@npm:^3.21.0":
  version: 3.21.0
  resolution: "tsutils@npm:3.21.0"
  dependencies:
    tslib: ^1.8.1
  peerDependencies:
    typescript: ">=2.8.0 || >= 3.2.0-dev || >= 3.3.0-dev || >= 3.4.0-dev || >= 3.5.0-dev || >= 3.6.0-dev || >= 3.6.0-beta || >= 3.7.0-dev || >= 3.7.0-beta"
  checksum: 02f19e458ec78ead8fffbf711f834ad8ecd2cc6ade4ec0320790713dccc0a412b99e7fd907c4cda2a1dc602c75db6f12e0108e87a5afad4b2f9e90a24cabd5a2
  languageName: node
  linkType: hard

"type-check@npm:^0.4.0, type-check@npm:~0.4.0":
  version: 0.4.0
  resolution: "type-check@npm:0.4.0"
  dependencies:
    prelude-ls: ^1.2.1
  checksum: 7b3fd0ed43891e2080bf0c5c504b418fbb3e5c7b9708d3d015037ba2e6323a28152ec163bcb65212741fa5d2022e3075ac3c76440dbd344c9035f818e8ecee58
  languageName: node
  linkType: hard

"type-fest@npm:^0.20.2":
  version: 0.20.2
  resolution: "type-fest@npm:0.20.2"
  checksum: dea9df45ea1f0aaa4e2d3bed3f9a0bfe9e5b2592bddb92eb1bf06e50bcf98dbb78189668cd8bc31a0511d3fc25539b4cd5c704497e53e93e2d40ca764b10bfc3
  languageName: node
  linkType: hard

"typedoc-type-filter-plugin@workspace:.":
  version: 0.0.0-use.local
  resolution: "typedoc-type-filter-plugin@workspace:."
  dependencies:
    "@types/node": ^16.11.10
    "@typescript-eslint/eslint-plugin": ^5.59.6
    "@typescript-eslint/parser": ^5.59.6
    eslint: ^8.40.0
    eslint-config-google: ^0.14.0
    eslint-config-prettier: ^8.8.0
    eslint-plugin-prettier: ^4.2.1
    prettier: ^2.8.8
    typedoc: ^0.24.7
    typescript: ^5.0.4
  peerDependencies:
    typedoc: 0.24.x
  languageName: unknown
  linkType: soft

"typedoc@npm:^0.24.7":
  version: 0.24.7
  resolution: "typedoc@npm:0.24.7"
  dependencies:
    lunr: ^2.3.9
    marked: ^4.3.0
    minimatch: ^9.0.0
    shiki: ^0.14.1
  peerDependencies:
    typescript: 4.6.x || 4.7.x || 4.8.x || 4.9.x || 5.0.x
  bin:
    typedoc: bin/typedoc
  checksum: 7f2721c56a1ea29f1c4eb9d53b56842fe6a52e39f02cdd0a71f35ceee42cda88c672f04aec682f1dcdd0d11063bfc0b816be7378168225b76136a57754b52924
  languageName: node
  linkType: hard

"typescript@npm:^5.0.4":
  version: 5.0.4
  resolution: "typescript@npm:5.0.4"
  bin:
    tsc: bin/tsc
    tsserver: bin/tsserver
  checksum: 2f5bd1cead194905957cb34e220b1d6ff1662399adef8ec1864f74620922d860ee35b6e50eafb3b636ea6fd437195e454e1146cb630a4236b5095ed7617395c2
  languageName: node
  linkType: hard

"typescript@patch:typescript@^5.0.4#~builtin<compat/typescript>":
  version: 5.0.4
  resolution: "typescript@patch:typescript@npm%3A5.0.4#~builtin<compat/typescript>::version=5.0.4&hash=7ad353"
  bin:
    tsc: bin/tsc
    tsserver: bin/tsserver
  checksum: db16dd188048c172051825c7e6eea3e6bf577020625e5635fb8265d22683897d9ed7579b41a3a3e961fba5728c58e324d52041e9ca21d0dfc4bafa8bcf8e7a4b
  languageName: node
  linkType: hard

"uri-js@npm:^4.2.2":
  version: 4.4.1
  resolution: "uri-js@npm:4.4.1"
  dependencies:
    punycode: ^2.1.0
  checksum: 4ef57b45aa820d7ac6496e9208559986c665e49447cb072744c13b66925a362d96dd5a46c4530a6b8e203e5db5fe849369444440cb22ecfc26c679359e5dfa3c
  languageName: node
  linkType: hard

"vscode-oniguruma@npm:^1.7.0":
  version: 1.7.0
  resolution: "vscode-oniguruma@npm:1.7.0"
  checksum: bef0073c665ddf8c86e51da94529c905856559e9aba97a9882f951acd572da560384775941ab6e7e8db94d9c578b25fefb951e4b73c37e8712e16b0231de2689
  languageName: node
  linkType: hard

"vscode-textmate@npm:^8.0.0":
  version: 8.0.0
  resolution: "vscode-textmate@npm:8.0.0"
  checksum: 836f7fe73fc94998a38ca193df48173a2b6eab08b4943d83c8cac9a2a0c3546cfdab4cf1b10b890ec4a4374c5bee03a885ef0e83e7fd2bd618cf00781c017c04
  languageName: node
  linkType: hard

"which@npm:^2.0.1":
  version: 2.0.2
  resolution: "which@npm:2.0.2"
  dependencies:
    isexe: ^2.0.0
  bin:
    node-which: ./bin/node-which
  checksum: 66522872a768b60c2a65a57e8ad184e5372f5b6a9ca6d5f033d4b0dc98aff63995655a7503b9c0a2598936f532120e81dd8cc155e2e92ed662a2b9377cc4374f
  languageName: node
  linkType: hard

"word-wrap@npm:^1.2.3":
  version: 1.2.3
  resolution: "word-wrap@npm:1.2.3"
  checksum: 1cb6558996deb22c909330db1f01d672feee41d7f0664492912de3de282da3f28ba2d49e87b723024e99d56ba2dac2f3ab28f8db07ac199f5e5d5e2e437833de
  languageName: node
  linkType: hard

"wrappy@npm:1":
  version: 1.0.2
  resolution: "wrappy@npm:1.0.2"
  checksum: 56fece1a4018c6a6c8e28fbc88c87e0fbf4ea8fd64fc6c63b18f4acc4bd13e0ad2515189786dd2c30d3eec9663d70f4ecf699330002f8ccb547e4a18231fc9f0
  languageName: node
  linkType: hard

"yallist@npm:^4.0.0":
  version: 4.0.0
  resolution: "yallist@npm:4.0.0"
  checksum: 2286b5e8dbfe22204ab66e2ef5cc9bbb1e55dfc873bbe0d568aa943eb255d131890dfd5bf243637273d31119b870f49c18fcde2c6ffbb7a7a092b870dc90625a
  languageName: node
  linkType: hard

"yocto-queue@npm:^0.1.0":
  version: 0.1.0
  resolution: "yocto-queue@npm:0.1.0"
  checksum: dceb44c28578b31641e13695d200d34ec4ab3966a5729814d5445b194933c096b7ced71494ce53a0e8820685d1d010df8b2422e5bf2cdea7e469d97ffbea306f
  languageName: node
  linkType: hard
