# This file is generated by running "yarn install" inside your project.
# Manual changes might be lost - proceed with caution!

__metadata:
  version: 6
  cacheKey: 8c0

"@isaacs/cliui@npm:^8.0.2":
  version: 8.0.2
  resolution: "@isaacs/cliui@npm:8.0.2"
  dependencies:
    string-width: ^5.1.2
    string-width-cjs: "npm:string-width@^4.2.0"
    strip-ansi: ^7.0.1
    strip-ansi-cjs: "npm:strip-ansi@^6.0.1"
    wrap-ansi: ^8.1.0
    wrap-ansi-cjs: "npm:wrap-ansi@^7.0.0"
  checksum: b1bf42535d49f11dc137f18d5e4e63a28c5569de438a221c369483731e9dac9fb797af554e8bf02b6192d1e5eba6e6402cf93900c3d0ac86391d00d04876789e
  languageName: node
  linkType: hard

"@pkgjs/parseargs@npm:^0.11.0":
  version: 0.11.0
  resolution: "@pkgjs/parseargs@npm:0.11.0"
  checksum: 5bd7576bb1b38a47a7fc7b51ac9f38748e772beebc56200450c4a817d712232b8f1d3ef70532c80840243c657d491cf6a6be1e3a214cff907645819fdc34aadd
  languageName: node
  linkType: hard

"@types/linkify-it@npm:*":
  version: 3.0.3
  resolution: "@types/linkify-it@npm:3.0.3"
  checksum: 77e776f945115065e99ddb184e4ab9fa518db7f22643affb5312637aa7ab747b1e01e5062a7171dfb0a6fd85c25de048dd4078e5d47b8d6d40ea97cb85031ae8
  languageName: node
  linkType: hard

"@types/markdown-it@npm:^13.0.2":
  version: 13.0.2
  resolution: "@types/markdown-it@npm:13.0.2"
  dependencies:
    "@types/linkify-it": "*"
    "@types/mdurl": "*"
  checksum: 6bac6bf919063c5b02a2ac15d3c28576cc6bf85efea4857883d4cb74d1ba15d32adbdbae29e8a4633ec807b54b834fe63c881fbbe69a8c9adbe7730c18bd8983
  languageName: node
  linkType: hard

"@types/mdurl@npm:*":
  version: 1.0.3
  resolution: "@types/mdurl@npm:1.0.3"
  checksum: 2712a1ce98987579b9998928876949cf80b3b0118a4780df125b777c4d654e4f0e6f89971f7bcaaca1a923fbe7eedebf68663a80e126cec83533f54ff7896b61
  languageName: node
  linkType: hard

"@types/node@npm:^16.11.10":
  version: 16.18.55
  resolution: "@types/node@npm:16.18.55"
  checksum: ba428f558a2097abd5f89726c34f83a67ec1acd29300cc3297f6ab01ff12c48847b12db8ac668d9c0e493155ec64bcf2c87e34135f325561f07654ad2c55463e
  languageName: node
  linkType: hard

"ansi-regex@npm:^5.0.1":
  version: 5.0.1
  resolution: "ansi-regex@npm:5.0.1"
  checksum: 9a64bb8627b434ba9327b60c027742e5d17ac69277960d041898596271d992d4d52ba7267a63ca10232e29f6107fc8a835f6ce8d719b88c5f8493f8254813737
  languageName: node
  linkType: hard

"ansi-regex@npm:^6.0.1":
  version: 6.0.1
  resolution: "ansi-regex@npm:6.0.1"
  checksum: cbe16dbd2c6b2735d1df7976a7070dd277326434f0212f43abf6d87674095d247968209babdaad31bb00882fa68807256ba9be340eec2f1004de14ca75f52a08
  languageName: node
  linkType: hard

"ansi-styles@npm:^4.0.0":
  version: 4.3.0
  resolution: "ansi-styles@npm:4.3.0"
  dependencies:
    color-convert: ^2.0.1
  checksum: 895a23929da416f2bd3de7e9cb4eabd340949328ab85ddd6e484a637d8f6820d485f53933446f5291c3b760cbc488beb8e88573dd0f9c7daf83dccc8fe81b041
  languageName: node
  linkType: hard

"ansi-styles@npm:^6.1.0":
  version: 6.2.1
  resolution: "ansi-styles@npm:6.2.1"
  checksum: 5d1ec38c123984bcedd996eac680d548f31828bd679a66db2bdf11844634dde55fec3efa9c6bb1d89056a5e79c1ac540c4c784d592ea1d25028a92227d2f2d5c
  languageName: node
  linkType: hard

"argparse@npm:^2.0.1":
  version: 2.0.1
  resolution: "argparse@npm:2.0.1"
  checksum: c5640c2d89045371c7cedd6a70212a04e360fd34d6edeae32f6952c63949e3525ea77dbec0289d8213a99bbaeab5abfa860b5c12cf88a2e6cf8106e90dd27a7e
  languageName: node
  linkType: hard

"balanced-match@npm:^1.0.0":
  version: 1.0.2
  resolution: "balanced-match@npm:1.0.2"
  checksum: 9308baf0a7e4838a82bbfd11e01b1cb0f0cf2893bc1676c27c2a8c0e70cbae1c59120c3268517a8ae7fb6376b4639ef81ca22582611dbee4ed28df945134aaee
  languageName: node
  linkType: hard

"brace-expansion@npm:^2.0.1":
  version: 2.0.1
  resolution: "brace-expansion@npm:2.0.1"
  dependencies:
    balanced-match: ^1.0.0
  checksum: b358f2fe060e2d7a87aa015979ecea07f3c37d4018f8d6deb5bd4c229ad3a0384fe6029bb76cd8be63c81e516ee52d1a0673edbe2023d53a5191732ae3c3e49f
  languageName: node
  linkType: hard

"color-convert@npm:^2.0.1":
  version: 2.0.1
  resolution: "color-convert@npm:2.0.1"
  dependencies:
    color-name: ~1.1.4
  checksum: 37e1150172f2e311fe1b2df62c6293a342ee7380da7b9cfdba67ea539909afbd74da27033208d01d6d5cfc65ee7868a22e18d7e7648e004425441c0f8a15a7d7
  languageName: node
  linkType: hard

"color-name@npm:~1.1.4":
  version: 1.1.4
  resolution: "color-name@npm:1.1.4"
  checksum: a1a3f914156960902f46f7f56bc62effc6c94e84b2cae157a526b1c1f74b677a47ec602bf68a61abfa2b42d15b7c5651c6dbe72a43af720bc588dff885b10f95
  languageName: node
  linkType: hard

"cross-spawn@npm:^7.0.0":
  version: 7.0.3
  resolution: "cross-spawn@npm:7.0.3"
  dependencies:
    path-key: ^3.1.0
    shebang-command: ^2.0.0
    which: ^2.0.1
  checksum: 5738c312387081c98d69c98e105b6327b069197f864a60593245d64c8089c8a0a744e16349281210d56835bb9274130d825a78b2ad6853ca13cfbeffc0c31750
  languageName: node
  linkType: hard

"eastasianwidth@npm:^0.2.0":
  version: 0.2.0
  resolution: "eastasianwidth@npm:0.2.0"
  checksum: 26f364ebcdb6395f95124fda411f63137a4bfb5d3a06453f7f23dfe52502905bd84e0488172e0f9ec295fdc45f05c23d5d91baf16bd26f0fe9acd777a188dc39
  languageName: node
  linkType: hard

"emoji-regex@npm:^8.0.0":
  version: 8.0.0
  resolution: "emoji-regex@npm:8.0.0"
  checksum: b6053ad39951c4cf338f9092d7bfba448cdfd46fe6a2a034700b149ac9ffbc137e361cbd3c442297f86bed2e5f7576c1b54cc0a6bf8ef5106cc62f496af35010
  languageName: node
  linkType: hard

"emoji-regex@npm:^9.2.2":
  version: 9.2.2
  resolution: "emoji-regex@npm:9.2.2"
  checksum: af014e759a72064cf66e6e694a7fc6b0ed3d8db680427b021a89727689671cefe9d04151b2cad51dbaf85d5ba790d061cd167f1cf32eb7b281f6368b3c181639
  languageName: node
  linkType: hard

"entities@npm:~3.0.1":
  version: 3.0.1
  resolution: "entities@npm:3.0.1"
  checksum: 2d93f48fd86de0b0ed8ee34456aa47b4e74a916a5e663cfcc7048302e2c7e932002926daf5a00ad6d5691e3c90673a15d413704d86d7e1b9532f9bc00d975590
  languageName: node
  linkType: hard

"foreground-child@npm:^3.1.0":
  version: 3.1.1
  resolution: "foreground-child@npm:3.1.1"
  dependencies:
    cross-spawn: ^7.0.0
    signal-exit: ^4.0.1
  checksum: 9700a0285628abaeb37007c9a4d92bd49f67210f09067638774338e146c8e9c825c5c877f072b2f75f41dc6a2d0be8664f79ffc03f6576649f54a84fb9b47de0
  languageName: node
  linkType: hard

"glob@npm:^10.3.10":
  version: 10.3.10
  resolution: "glob@npm:10.3.10"
  dependencies:
    foreground-child: ^3.1.0
    jackspeak: ^2.3.5
    minimatch: ^9.0.1
    minipass: ^5.0.0 || ^6.0.2 || ^7.0.0
    path-scurry: ^1.10.1
  bin:
    glob: dist/esm/bin.mjs
  checksum: 13d8a1feb7eac7945f8c8480e11cd4a44b24d26503d99a8d8ac8d5aefbf3e9802a2b6087318a829fad04cb4e829f25c5f4f1110c68966c498720dd261c7e344d
  languageName: node
  linkType: hard

"handlebars@npm:^4.7.7":
  version: 4.7.8
  resolution: "handlebars@npm:4.7.8"
  dependencies:
    minimist: ^1.2.5
    neo-async: ^2.6.2
    source-map: ^0.6.1
    uglify-js: ^3.1.4
    wordwrap: ^1.0.0
  dependenciesMeta:
    uglify-js:
      optional: true
  bin:
    handlebars: bin/handlebars
  checksum: 7aff423ea38a14bb379316f3857fe0df3c5d66119270944247f155ba1f08e07a92b340c58edaa00cfe985c21508870ee5183e0634dcb53dd405f35c93ef7f10d
  languageName: node
  linkType: hard

"is-fullwidth-code-point@npm:^3.0.0":
  version: 3.0.0
  resolution: "is-fullwidth-code-point@npm:3.0.0"
  checksum: bb11d825e049f38e04c06373a8d72782eee0205bda9d908cc550ccb3c59b99d750ff9537982e01733c1c94a58e35400661f57042158ff5e8f3e90cf936daf0fc
  languageName: node
  linkType: hard

"isexe@npm:^2.0.0":
  version: 2.0.0
  resolution: "isexe@npm:2.0.0"
  checksum: 228cfa503fadc2c31596ab06ed6aa82c9976eec2bfd83397e7eaf06d0ccf42cd1dfd6743bf9aeb01aebd4156d009994c5f76ea898d2832c1fe342da923ca457d
  languageName: node
  linkType: hard

"jackspeak@npm:^2.3.5":
  version: 2.3.6
  resolution: "jackspeak@npm:2.3.6"
  dependencies:
    "@isaacs/cliui": ^8.0.2
    "@pkgjs/parseargs": ^0.11.0
  dependenciesMeta:
    "@pkgjs/parseargs":
      optional: true
  checksum: f01d8f972d894cd7638bc338e9ef5ddb86f7b208ce177a36d718eac96ec86638a6efa17d0221b10073e64b45edc2ce15340db9380b1f5d5c5d000cbc517dc111
  languageName: node
  linkType: hard

"linkify-it@npm:^4.0.1":
  version: 4.0.1
  resolution: "linkify-it@npm:4.0.1"
  dependencies:
    uc.micro: ^1.0.1
  checksum: f1949ee2c7c2979c4f80c8c08f507d813f50775ebc5adfdb7ee662f28e0ee53dbd4a329d5231be67414405fc60d4e99b37536d6949702d311fe509a6bcbcf4a6
  languageName: node
  linkType: hard

"lru-cache@npm:^9.1.1 || ^10.0.0":
  version: 10.0.1
  resolution: "lru-cache@npm:10.0.1"
  checksum: 982dabfb227b9a2daf56d712ae0e72e01115a28c0a2068cd71277bca04568f3417bbf741c6c7941abc5c620fd8059e34f15607f90ebccbfa0a17533322d27a8e
  languageName: node
  linkType: hard

"markdown-it@npm:^13.0.2":
  version: 13.0.2
  resolution: "markdown-it@npm:13.0.2"
  dependencies:
    argparse: ^2.0.1
    entities: ~3.0.1
    linkify-it: ^4.0.1
    mdurl: ^1.0.1
    uc.micro: ^1.0.5
  bin:
    markdown-it: bin/markdown-it.js
  checksum: 4fe0c41bc4c318c2901dc2923470c259cab137a4ab870001038877b942c9cc65072923e2d957f785de69a9da27c55657bd531607ccfd258246bd72a8deb8c2ee
  languageName: node
  linkType: hard

"mdurl@npm:^1.0.1":
  version: 1.0.1
  resolution: "mdurl@npm:1.0.1"
  checksum: ea8534341eb002aaa532a722daef6074cd8ca66202e10a2b4cda46722c1ebdb1da92197ac300bc953d3ef1bf41cd6561ef2cc69d82d5d0237dae00d4a61a4eee
  languageName: node
  linkType: hard

"minimatch@npm:^9.0.1":
  version: 9.0.3
  resolution: "minimatch@npm:9.0.3"
  dependencies:
    brace-expansion: ^2.0.1
  checksum: 85f407dcd38ac3e180f425e86553911d101455ca3ad5544d6a7cec16286657e4f8a9aa6695803025c55e31e35a91a2252b5dc8e7d527211278b8b65b4dbd5eac
  languageName: node
  linkType: hard

"minimist@npm:^1.2.5":
  version: 1.2.8
  resolution: "minimist@npm:1.2.8"
  checksum: 19d3fcdca050087b84c2029841a093691a91259a47def2f18222f41e7645a0b7c44ef4b40e88a1e58a40c84d2ef0ee6047c55594d298146d0eb3f6b737c20ce6
  languageName: node
  linkType: hard

"minipass@npm:^5.0.0 || ^6.0.2 || ^7.0.0":
  version: 7.0.4
  resolution: "minipass@npm:7.0.4"
  checksum: 6c7370a6dfd257bf18222da581ba89a5eaedca10e158781232a8b5542a90547540b4b9b7e7f490e4cda43acfbd12e086f0453728ecf8c19e0ef6921bc5958ac5
  languageName: node
  linkType: hard

"neo-async@npm:^2.6.2":
  version: 2.6.2
  resolution: "neo-async@npm:2.6.2"
  checksum: c2f5a604a54a8ec5438a342e1f356dff4bc33ccccdb6dc668d94fe8e5eccfc9d2c2eea6064b0967a767ba63b33763f51ccf2cd2441b461a7322656c1f06b3f5d
  languageName: node
  linkType: hard

"path-key@npm:^3.1.0":
  version: 3.1.1
  resolution: "path-key@npm:3.1.1"
  checksum: 748c43efd5a569c039d7a00a03b58eecd1d75f3999f5a28303d75f521288df4823bc057d8784eb72358b2895a05f29a070bc9f1f17d28226cc4e62494cc58c4c
  languageName: node
  linkType: hard

"path-scurry@npm:^1.10.1":
  version: 1.10.1
  resolution: "path-scurry@npm:1.10.1"
  dependencies:
    lru-cache: ^9.1.1 || ^10.0.0
    minipass: ^5.0.0 || ^6.0.2 || ^7.0.0
  checksum: e5dc78a7348d25eec61ab166317e9e9c7b46818aa2c2b9006c507a6ff48c672d011292d9662527213e558f5652ce0afcc788663a061d8b59ab495681840c0c1e
  languageName: node
  linkType: hard

"shebang-command@npm:^2.0.0":
  version: 2.0.0
  resolution: "shebang-command@npm:2.0.0"
  dependencies:
    shebang-regex: ^3.0.0
  checksum: a41692e7d89a553ef21d324a5cceb5f686d1f3c040759c50aab69688634688c5c327f26f3ecf7001ebfd78c01f3c7c0a11a7c8bfd0a8bc9f6240d4f40b224e4e
  languageName: node
  linkType: hard

"shebang-regex@npm:^3.0.0":
  version: 3.0.0
  resolution: "shebang-regex@npm:3.0.0"
  checksum: 1dbed0726dd0e1152a92696c76c7f06084eb32a90f0528d11acd764043aacf76994b2fb30aa1291a21bd019d6699164d048286309a278855ee7bec06cf6fb690
  languageName: node
  linkType: hard

"signal-exit@npm:^4.0.1":
  version: 4.1.0
  resolution: "signal-exit@npm:4.1.0"
  checksum: 41602dce540e46d599edba9d9860193398d135f7ff72cab629db5171516cfae628d21e7bfccde1bbfdf11c48726bc2a6d1a8fb8701125852fbfda7cf19c6aa83
  languageName: node
  linkType: hard

"source-map@npm:^0.6.1":
  version: 0.6.1
  resolution: "source-map@npm:0.6.1"
  checksum: ab55398007c5e5532957cb0beee2368529618ac0ab372d789806f5718123cc4367d57de3904b4e6a4170eb5a0b0f41373066d02ca0735a0c4d75c7d328d3e011
  languageName: node
  linkType: hard

"string-width-cjs@npm:string-width@^4.2.0, string-width@npm:^4.1.0":
  version: 4.2.3
  resolution: "string-width@npm:4.2.3"
  dependencies:
    emoji-regex: ^8.0.0
    is-fullwidth-code-point: ^3.0.0
    strip-ansi: ^6.0.1
  checksum: 1e525e92e5eae0afd7454086eed9c818ee84374bb80328fc41217ae72ff5f065ef1c9d7f72da41de40c75fa8bb3dee63d92373fd492c84260a552c636392a47b
  languageName: node
  linkType: hard

"string-width@npm:^5.0.1, string-width@npm:^5.1.2":
  version: 5.1.2
  resolution: "string-width@npm:5.1.2"
  dependencies:
    eastasianwidth: ^0.2.0
    emoji-regex: ^9.2.2
    strip-ansi: ^7.0.1
  checksum: ab9c4264443d35b8b923cbdd513a089a60de339216d3b0ed3be3ba57d6880e1a192b70ae17225f764d7adbf5994e9bb8df253a944736c15a0240eff553c678ca
  languageName: node
  linkType: hard

"strip-ansi-cjs@npm:strip-ansi@^6.0.1, strip-ansi@npm:^6.0.0, strip-ansi@npm:^6.0.1":
  version: 6.0.1
  resolution: "strip-ansi@npm:6.0.1"
  dependencies:
    ansi-regex: ^5.0.1
  checksum: 1ae5f212a126fe5b167707f716942490e3933085a5ff6c008ab97ab2f272c8025d3aa218b7bd6ab25729ca20cc81cddb252102f8751e13482a5199e873680952
  languageName: node
  linkType: hard

"strip-ansi@npm:^7.0.1":
  version: 7.1.0
  resolution: "strip-ansi@npm:7.1.0"
  dependencies:
    ansi-regex: ^6.0.1
  checksum: a198c3762e8832505328cbf9e8c8381de14a4fa50a4f9b2160138158ea88c0f5549fb50cb13c651c3088f47e63a108b34622ec18c0499b6c8c3a5ddf6b305ac4
  languageName: node
  linkType: hard

"typedoc-modules-plugin@workspace:.":
  version: 0.0.0-use.local
  resolution: "typedoc-modules-plugin@workspace:."
  dependencies:
    "@types/markdown-it": ^13.0.2
    "@types/node": ^16.11.10
    glob: ^10.3.10
    markdown-it: ^13.0.2
    typedoc-plugin-markdown: ^3.16.0
    typescript: ^4.6
  peerDependencies:
    typedoc: 0.25.x
  languageName: unknown
  linkType: soft

"typedoc-plugin-markdown@npm:^3.16.0":
  version: 3.16.0
  resolution: "typedoc-plugin-markdown@npm:3.16.0"
  dependencies:
    handlebars: ^4.7.7
  peerDependencies:
    typedoc: ">=0.24.0"
  checksum: 0daa8290e7b8f03e9e1e79efdd564a61db3dbb8f20eb15ef89cc3bce0c14ff2061b7f35452b06e2c31644f33f0cc53c06570c9c1a20245f7458b1f88a3438588
  languageName: node
  linkType: hard

"typescript@npm:^4.6":
  version: 4.9.5
  resolution: "typescript@npm:4.9.5"
  bin:
    tsc: bin/tsc
    tsserver: bin/tsserver
  checksum: 5f6cad2e728a8a063521328e612d7876e12f0d8a8390d3b3aaa452a6a65e24e9ac8ea22beb72a924fd96ea0a49ea63bb4e251fb922b12eedfb7f7a26475e5c56
  languageName: node
  linkType: hard

"typescript@patch:typescript@^4.6#~builtin<compat/typescript>":
  version: 4.9.5
  resolution: "typescript@patch:typescript@npm%3A4.9.5#~builtin<compat/typescript>::version=4.9.5&hash=7ad353"
  bin:
    tsc: bin/tsc
    tsserver: bin/tsserver
  checksum: 897c8ac656e01b132fa82be6a8e34c4507b19be63dbf1ff1d8287d775519081a7c91dd0ca3ec62536c8137228141d65b238dfb2e8987a3f5182818f58f83e7d7
  languageName: node
  linkType: hard

"uc.micro@npm:^1.0.1, uc.micro@npm:^1.0.5":
  version: 1.0.6
  resolution: "uc.micro@npm:1.0.6"
  checksum: 9bde2afc6f2e24b899db6caea47dae778b88862ca76688d844ef6e6121dec0679c152893a74a6cfbd2e6fde34654e6bd8424fee8e0166cdfa6c9ae5d42b8a17b
  languageName: node
  linkType: hard

"uglify-js@npm:^3.1.4":
  version: 3.17.4
  resolution: "uglify-js@npm:3.17.4"
  bin:
    uglifyjs: bin/uglifyjs
  checksum: 8b7fcdca69deb284fed7d2025b73eb747ce37f9aca6af53422844f46427152d5440601b6e2a033e77856a2f0591e4167153d5a21b68674ad11f662034ec13ced
  languageName: node
  linkType: hard

"which@npm:^2.0.1":
  version: 2.0.2
  resolution: "which@npm:2.0.2"
  dependencies:
    isexe: ^2.0.0
  bin:
    node-which: ./bin/node-which
  checksum: 66522872a768b60c2a65a57e8ad184e5372f5b6a9ca6d5f033d4b0dc98aff63995655a7503b9c0a2598936f532120e81dd8cc155e2e92ed662a2b9377cc4374f
  languageName: node
  linkType: hard

"wordwrap@npm:^1.0.0":
  version: 1.0.0
  resolution: "wordwrap@npm:1.0.0"
  checksum: 7ed2e44f3c33c5c3e3771134d2b0aee4314c9e49c749e37f464bf69f2bcdf0cbf9419ca638098e2717cff4875c47f56a007532f6111c3319f557a2ca91278e92
  languageName: node
  linkType: hard

"wrap-ansi-cjs@npm:wrap-ansi@^7.0.0":
  version: 7.0.0
  resolution: "wrap-ansi@npm:7.0.0"
  dependencies:
    ansi-styles: ^4.0.0
    string-width: ^4.1.0
    strip-ansi: ^6.0.0
  checksum: d15fc12c11e4cbc4044a552129ebc75ee3f57aa9c1958373a4db0292d72282f54373b536103987a4a7594db1ef6a4f10acf92978f79b98c49306a4b58c77d4da
  languageName: node
  linkType: hard

"wrap-ansi@npm:^8.1.0":
  version: 8.1.0
  resolution: "wrap-ansi@npm:8.1.0"
  dependencies:
    ansi-styles: ^6.1.0
    string-width: ^5.0.1
    strip-ansi: ^7.0.1
  checksum: 138ff58a41d2f877eae87e3282c0630fc2789012fc1af4d6bd626eeb9a2f9a65ca92005e6e69a75c7b85a68479fe7443c7dbe1eb8fbaa681a4491364b7c55c60
  languageName: node
  linkType: hard
