# This file is generated by running "yarn install" inside your project.
# Manual changes might be lost - proceed with caution!

__metadata:
  version: 6
  cacheKey: 8c0

"@types/node@npm:^16.11.10":
  version: 16.11.39
  resolution: "@types/node@npm:16.11.39"
  checksum: 28fe6cb1f048d97c524c980131d7b534e0363c124e289c70acb04a89700b58e0a1cbeeecbf3fa505aaed6a2ee98f4cc1d1025baee55f8f2f530732a9f6a87f0b
  languageName: node
  linkType: hard

"ansi-sequence-parser@npm:^1.1.0":
  version: 1.1.1
  resolution: "ansi-sequence-parser@npm:1.1.1"
  checksum: ab2259ccf69f145ecf1418d4e71524158828f44afdf37c7536677871f4cebaa8b176fcb95de8f94a68129357dddc59586597da25f9d4ebf9968f6ef022bf0b31
  languageName: node
  linkType: hard

"balanced-match@npm:^1.0.0":
  version: 1.0.2
  resolution: "balanced-match@npm:1.0.2"
  checksum: 9308baf0a7e4838a82bbfd11e01b1cb0f0cf2893bc1676c27c2a8c0e70cbae1c59120c3268517a8ae7fb6376b4639ef81ca22582611dbee4ed28df945134aaee
  languageName: node
  linkType: hard

"brace-expansion@npm:^2.0.1":
  version: 2.0.1
  resolution: "brace-expansion@npm:2.0.1"
  dependencies:
    balanced-match: ^1.0.0
  checksum: b358f2fe060e2d7a87aa015979ecea07f3c37d4018f8d6deb5bd4c229ad3a0384fe6029bb76cd8be63c81e516ee52d1a0673edbe2023d53a5191732ae3c3e49f
  languageName: node
  linkType: hard

"jsonc-parser@npm:^3.2.0":
  version: 3.2.0
  resolution: "jsonc-parser@npm:3.2.0"
  checksum: 5a12d4d04dad381852476872a29dcee03a57439574e4181d91dca71904fcdcc5e8e4706c0a68a2c61ad9810e1e1c5806b5100d52d3e727b78f5cdc595401045b
  languageName: node
  linkType: hard

"lunr@npm:^2.3.9":
  version: 2.3.9
  resolution: "lunr@npm:2.3.9"
  checksum: 77d7dbb4fbd602aac161e2b50887d8eda28c0fa3b799159cee380fbb311f1e614219126ecbbd2c3a9c685f1720a8109b3c1ca85cc893c39b6c9cc6a62a1d8a8b
  languageName: node
  linkType: hard

"marked@npm:^4.3.0":
  version: 4.3.0
  resolution: "marked@npm:4.3.0"
  bin:
    marked: bin/marked.js
  checksum: 0013463855e31b9c88d8bb2891a611d10ef1dc79f2e3cbff1bf71ba389e04c5971298c886af0be799d7fa9aa4593b086a136062d59f1210b0480b026a8c5dc47
  languageName: node
  linkType: hard

"minimatch@npm:^9.0.3":
  version: 9.0.3
  resolution: "minimatch@npm:9.0.3"
  dependencies:
    brace-expansion: ^2.0.1
  checksum: 85f407dcd38ac3e180f425e86553911d101455ca3ad5544d6a7cec16286657e4f8a9aa6695803025c55e31e35a91a2252b5dc8e7d527211278b8b65b4dbd5eac
  languageName: node
  linkType: hard

"shiki@npm:^0.14.1":
  version: 0.14.4
  resolution: "shiki@npm:0.14.4"
  dependencies:
    ansi-sequence-parser: ^1.1.0
    jsonc-parser: ^3.2.0
    vscode-oniguruma: ^1.7.0
    vscode-textmate: ^8.0.0
  checksum: 9d1609fde8b7d361b0a9bce62dd72fc5cb2be566f215b14427d0d04bbd272bcfe0662cd6a158db56391daa55f246017f0fa8a8a78b8c8611c3cc03923587b6f4
  languageName: node
  linkType: hard

"typedoc-frontmatter-plugin@workspace:.":
  version: 0.0.0-use.local
  resolution: "typedoc-frontmatter-plugin@workspace:."
  dependencies:
    "@types/node": ^16.11.10
    typedoc: ^0.25.1
    typescript: ^4.6
  peerDependencies:
    typedoc: 0.25.x
  languageName: unknown
  linkType: soft

"typedoc@npm:^0.25.1":
  version: 0.25.1
  resolution: "typedoc@npm:0.25.1"
  dependencies:
    lunr: ^2.3.9
    marked: ^4.3.0
    minimatch: ^9.0.3
    shiki: ^0.14.1
  peerDependencies:
    typescript: 4.6.x || 4.7.x || 4.8.x || 4.9.x || 5.0.x || 5.1.x || 5.2.x
  bin:
    typedoc: bin/typedoc
  checksum: 11d91302378d618ce451cc5857fcfd4d7923a20075c15ef7b7be663f827d3c2e01260b23ddb97d0d2d47b414b5ed3953a8fabc1adcb582c093d667cf704b5e48
  languageName: node
  linkType: hard

"typescript@npm:^4.6":
  version: 4.9.5
  resolution: "typescript@npm:4.9.5"
  bin:
    tsc: bin/tsc
    tsserver: bin/tsserver
  checksum: 5f6cad2e728a8a063521328e612d7876e12f0d8a8390d3b3aaa452a6a65e24e9ac8ea22beb72a924fd96ea0a49ea63bb4e251fb922b12eedfb7f7a26475e5c56
  languageName: node
  linkType: hard

"typescript@patch:typescript@^4.6#~builtin<compat/typescript>":
  version: 4.9.5
  resolution: "typescript@patch:typescript@npm%3A4.9.5#~builtin<compat/typescript>::version=4.9.5&hash=7ad353"
  bin:
    tsc: bin/tsc
    tsserver: bin/tsserver
  checksum: 897c8ac656e01b132fa82be6a8e34c4507b19be63dbf1ff1d8287d775519081a7c91dd0ca3ec62536c8137228141d65b238dfb2e8987a3f5182818f58f83e7d7
  languageName: node
  linkType: hard

"vscode-oniguruma@npm:^1.7.0":
  version: 1.7.0
  resolution: "vscode-oniguruma@npm:1.7.0"
  checksum: bef0073c665ddf8c86e51da94529c905856559e9aba97a9882f951acd572da560384775941ab6e7e8db94d9c578b25fefb951e4b73c37e8712e16b0231de2689
  languageName: node
  linkType: hard

"vscode-textmate@npm:^8.0.0":
  version: 8.0.0
  resolution: "vscode-textmate@npm:8.0.0"
  checksum: 836f7fe73fc94998a38ca193df48173a2b6eab08b4943d83c8cac9a2a0c3546cfdab4cf1b10b890ec4a4374c5bee03a885ef0e83e7fd2bd618cf00781c017c04
  languageName: node
  linkType: hard
