# This file is generated by running "yarn install" inside your project.
# Manual changes might be lost - proceed with caution!

__metadata:
  version: 6
  cacheKey: 8c0

"@types/node@npm:^16.11.10":
  version: 16.11.39
  resolution: "@types/node@npm:16.11.39"
  checksum: 28fe6cb1f048d97c524c980131d7b534e0363c124e289c70acb04a89700b58e0a1cbeeecbf3fa505aaed6a2ee98f4cc1d1025baee55f8f2f530732a9f6a87f0b
  languageName: node
  linkType: hard

"balanced-match@npm:^1.0.0":
  version: 1.0.2
  resolution: "balanced-match@npm:1.0.2"
  checksum: 9308baf0a7e4838a82bbfd11e01b1cb0f0cf2893bc1676c27c2a8c0e70cbae1c59120c3268517a8ae7fb6376b4639ef81ca22582611dbee4ed28df945134aaee
  languageName: node
  linkType: hard

"brace-expansion@npm:^2.0.1":
  version: 2.0.1
  resolution: "brace-expansion@npm:2.0.1"
  dependencies:
    balanced-match: ^1.0.0
  checksum: b358f2fe060e2d7a87aa015979ecea07f3c37d4018f8d6deb5bd4c229ad3a0384fe6029bb76cd8be63c81e516ee52d1a0673edbe2023d53a5191732ae3c3e49f
  languageName: node
  linkType: hard

"fs.realpath@npm:^1.0.0":
  version: 1.0.0
  resolution: "fs.realpath@npm:1.0.0"
  checksum: 444cf1291d997165dfd4c0d58b69f0e4782bfd9149fd72faa4fe299e68e0e93d6db941660b37dd29153bf7186672ececa3b50b7e7249477b03fdf850f287c948
  languageName: node
  linkType: hard

"glob@npm:^8.0.3":
  version: 8.0.3
  resolution: "glob@npm:8.0.3"
  dependencies:
    fs.realpath: ^1.0.0
    inflight: ^1.0.4
    inherits: 2
    minimatch: ^5.0.1
    once: ^1.3.0
  checksum: 07ebaf2ed83e76b10901ec4982040ebd85458b787b4386f751a0514f6c8e416ed6c9eec5a892571eb0ef00b09d1bd451f72b5d9fb7b63770efd400532486e731
  languageName: node
  linkType: hard

"inflight@npm:^1.0.4":
  version: 1.0.6
  resolution: "inflight@npm:1.0.6"
  dependencies:
    once: ^1.3.0
    wrappy: 1
  checksum: 7faca22584600a9dc5b9fca2cd5feb7135ac8c935449837b315676b4c90aa4f391ec4f42240178244b5a34e8bede1948627fda392ca3191522fc46b34e985ab2
  languageName: node
  linkType: hard

"inherits@npm:2":
  version: 2.0.4
  resolution: "inherits@npm:2.0.4"
  checksum: 4e531f648b29039fb7426fb94075e6545faa1eb9fe83c29f0b6d9e7263aceb4289d2d4557db0d428188eeb449cc7c5e77b0a0b2c4e248ff2a65933a0dee49ef2
  languageName: node
  linkType: hard

"jsonc-parser@npm:^3.0.0":
  version: 3.0.0
  resolution: "jsonc-parser@npm:3.0.0"
  checksum: 373632ab71f773ce6081dd70297c40fbb05aacde07ab8a5852c78c0a13d1fadb7ad886202e87bfc0168dd78568cda2d4eb36e785dac330f93e5e772d7a67f33f
  languageName: node
  linkType: hard

"lunr@npm:^2.3.9":
  version: 2.3.9
  resolution: "lunr@npm:2.3.9"
  checksum: 77d7dbb4fbd602aac161e2b50887d8eda28c0fa3b799159cee380fbb311f1e614219126ecbbd2c3a9c685f1720a8109b3c1ca85cc893c39b6c9cc6a62a1d8a8b
  languageName: node
  linkType: hard

"marked@npm:^4.0.16":
  version: 4.0.16
  resolution: "marked@npm:4.0.16"
  bin:
    marked: bin/marked.js
  checksum: 01960a496bbd1139d4097e5eae7bb4791063c959ca5267b9307a79812d68f96f2bcb4151f9886afe6d90296bd33250b5cb5e5984197242ce3bf121ed5d2fd3c2
  languageName: node
  linkType: hard

"minimatch@npm:^5.0.1, minimatch@npm:^5.1.0":
  version: 5.1.0
  resolution: "minimatch@npm:5.1.0"
  dependencies:
    brace-expansion: ^2.0.1
  checksum: 21c4877438068da0728eeb678107ea716fd3c76fcde713c9d11b01d7d15c276071aa2fecfcd353b970a290cffd572c3ed43e0a64804470ab9ae97717ed13fb18
  languageName: node
  linkType: hard

"once@npm:^1.3.0":
  version: 1.4.0
  resolution: "once@npm:1.4.0"
  dependencies:
    wrappy: 1
  checksum: 5d48aca287dfefabd756621c5dfce5c91a549a93e9fdb7b8246bc4c4790aa2ec17b34a260530474635147aeb631a2dcc8b32c613df0675f96041cbb8244517d0
  languageName: node
  linkType: hard

"shiki@npm:^0.10.1":
  version: 0.10.1
  resolution: "shiki@npm:0.10.1"
  dependencies:
    jsonc-parser: ^3.0.0
    vscode-oniguruma: ^1.6.1
    vscode-textmate: 5.2.0
  checksum: cc4db3462722261cb9ce0f7c0dbe278af3b99ad57dfab77b80c4dc9c8e3198f1d3f3c3433044a731c16f7afede9e60747f8a62290fbbaa18c26026f7b94cde8b
  languageName: node
  linkType: hard

"typedoc-frontmatter-plugin@workspace:.":
  version: 0.0.0-use.local
  resolution: "typedoc-frontmatter-plugin@workspace:."
  dependencies:
    "@types/node": ^16.11.10
    typedoc: ^0.22.10
    typescript: 4.5.2
  peerDependencies:
    typedoc: 0.22.x
  languageName: unknown
  linkType: soft

"typedoc@npm:^0.22.10":
  version: 0.22.17
  resolution: "typedoc@npm:0.22.17"
  dependencies:
    glob: ^8.0.3
    lunr: ^2.3.9
    marked: ^4.0.16
    minimatch: ^5.1.0
    shiki: ^0.10.1
  peerDependencies:
    typescript: 4.0.x || 4.1.x || 4.2.x || 4.3.x || 4.4.x || 4.5.x || 4.6.x || 4.7.x
  bin:
    typedoc: bin/typedoc
  checksum: d2e41b0fa51ce85b90d0c1eed43e90b62c2aa66124f8d62076780b3fa6c2ef2e790b9b5ad4b7809c67b16167ae505560e20b34499cc42bd62a0beac0e007c344
  languageName: node
  linkType: hard

"typescript@npm:4.5.2":
  version: 4.5.2
  resolution: "typescript@npm:4.5.2"
  bin:
    tsc: bin/tsc
    tsserver: bin/tsserver
  checksum: 8fc40b886018889ad2099cb1b477c4f0373528c9fca83860ad33e898fe19ada22568477aca91741fbeabf0402e203f0e2d6d14ed6973ad826893cc13b2dfd459
  languageName: node
  linkType: hard

"typescript@patch:typescript@4.5.2#~builtin<compat/typescript>":
  version: 4.5.2
  resolution: "typescript@patch:typescript@npm%3A4.5.2#~builtin<compat/typescript>::version=4.5.2&hash=7ad353"
  bin:
    tsc: bin/tsc
    tsserver: bin/tsserver
  checksum: 90eaf5227b6a755da1a77665b24b958a8bc79b12b435c4254255ceada6ac6eb7905678b37c23c4f63a298b7ed6bee8fc87df78b98d0b0e7f0e30e873334121fd
  languageName: node
  linkType: hard

"vscode-oniguruma@npm:^1.6.1":
  version: 1.6.2
  resolution: "vscode-oniguruma@npm:1.6.2"
  checksum: ae77849f3bbff10c339212fde72a567298d1fc196bff07f1e71391c8d87bf282edfe4017c34d8c652d8b8ff3f9ee7db3eca4bb21f6a9314fa54ae9fa07aab362
  languageName: node
  linkType: hard

"vscode-textmate@npm:5.2.0":
  version: 5.2.0
  resolution: "vscode-textmate@npm:5.2.0"
  checksum: 87c4786606cf7a49d78b690b37236f919db594ff81f1a405f9d9a0a9ee66ff3450fe51c0d8731f270268f7be550adffb6711a4bbc6f56d76b71abe41949817c7
  languageName: node
  linkType: hard

"wrappy@npm:1":
  version: 1.0.2
  resolution: "wrappy@npm:1.0.2"
  checksum: 56fece1a4018c6a6c8e28fbc88c87e0fbf4ea8fd64fc6c63b18f4acc4bd13e0ad2515189786dd2c30d3eec9663d70f4ecf699330002f8ccb547e4a18231fc9f0
  languageName: node
  linkType: hard
