# This file is generated by running "yarn install" inside your project.
# Manual changes might be lost - proceed with caution!

__metadata:
  version: 6
  cacheKey: 8c0

"@faker-js/faker@npm:^5.5.3":
  version: 5.5.3
  resolution: "@faker-js/faker@npm:5.5.3"
  checksum: 3f7fbf0b0cfe23c7750ab79b123be8f845e5f376ec28bf43b7b017983b6fc3a9dc22543c4eea52e30cc119699c0f47f62a2c02e9eae9b6a20b75955e9c3eb887
  languageName: node
  linkType: hard

"dotenv@npm:^10.0.0":
  version: 10.0.0
  resolution: "dotenv@npm:10.0.0"
  checksum: 2d8d4ba64bfaff7931402aa5e8cbb8eba0acbc99fe9ae442300199af021079eafa7171ce90e150821a5cb3d74f0057721fbe7ec201a6044b68c8a7615f8c123f
  languageName: node
  linkType: hard

"integration-tests@workspace:.":
  version: 0.0.0-use.local
  resolution: "integration-tests@workspace:."
  dependencies:
    "@faker-js/faker": ^5.5.3
    dotenv: ^10.0.0
  languageName: unknown
  linkType: soft
