# This file is generated by running "yarn install" inside your project.
# Manual changes might be lost - proceed with caution!

__metadata:
  version: 6
  cacheKey: 8c0

"@faker-js/faker@npm:^5.5.3":
  version: 5.5.3
  resolution: "@faker-js/faker@npm:5.5.3"
  checksum: 3f7fbf0b0cfe23c7750ab79b123be8f845e5f376ec28bf43b7b017983b6fc3a9dc22543c4eea52e30cc119699c0f47f62a2c02e9eae9b6a20b75955e9c3eb887
  languageName: node
  linkType: hard

dotenv@^10.0.0:
  version "10.0.0"
  resolved "https://registry.yarnpkg.com/dotenv/-/dotenv-10.0.0.tgz#3d4227b8fb95f81096cdd2b66653fb2c7085ba81"
  integrity sha512-rlBi9d8jpv9Sf1klPjNfFAuWDjKLwTIJJ/VxtoTwIR6hnZxcEOQCZg2oIL3MWBYw5GpUDKOEnND7LXTbIpQ03Q==
